// !$*UTF8*$!
{
	archiveVersion = 1;
	classes = {
	};
	objectVersion = 48;
	objects = {

/* Begin PBXBuildFile section */
		5B0A73F81FD2E2B2001B3CC2 /* Settings.swift in Sources */ = {isa = PBXBuildFile; fileRef = 5B0A73F71FD2E2B2001B3CC2 /* Settings.swift */; };
		5B0A73FB1FD312BF001B3CC2 /* PhotoAlbumCell.swift in Sources */ = {isa = PBXBuildFile; fileRef = 5B0A73FA1FD312BF001B3CC2 /* PhotoAlbumCell.swift */; };
		5B0BDF0B1FCDEA5C0092500C /* logo.png in Resources */ = {isa = PBXBuildFile; fileRef = 5B0BDF0A1FCDEA5C0092500C /* logo.png */; };
		5B0BDF201FCDEC9F0092500C /* close_btn.png in Resources */ = {isa = PBXBuildFile; fileRef = 5B0BDF131FCDEC9E0092500C /* close_btn.png */; };
		5B0BDF211FCDEC9F0092500C /* invite_btn.png in Resources */ = {isa = PBXBuildFile; fileRef = 5B0BDF141FCDEC9E0092500C /* invite_btn.png */; };
		5B0D98261FE6937000E567EF /* GoogleService-Info.plist in Resources */ = {isa = PBXBuildFile; fileRef = 5B0D98251FE6937000E567EF /* GoogleService-Info.plist */; };
		5B41404F1FE6C984008DDB67 /* libz.tbd in Frameworks */ = {isa = PBXBuildFile; fileRef = 5B41404E1FE6C775008DDB67 /* libz.tbd */; };
		5B4140511FE6CD45008DDB67 /* libz.1.2.5.tbd in Frameworks */ = {isa = PBXBuildFile; fileRef = 5B4140501FE6CD45008DDB67 /* libz.1.2.5.tbd */; };
		5B4140531FE6D2A0008DDB67 /* libc++.tbd in Frameworks */ = {isa = PBXBuildFile; fileRef = 5B4140521FE6D29F008DDB67 /* libc++.tbd */; };
		5B4140551FE6D2B2008DDB67 /* libsqlite3.tbd in Frameworks */ = {isa = PBXBuildFile; fileRef = 5B4140541FE6D2B2008DDB67 /* libsqlite3.tbd */; };
		5B46292B203093AA001C6CBC /* FirebaseListener.swift in Sources */ = {isa = PBXBuildFile; fileRef = 5B46292A203093AA001C6CBC /* FirebaseListener.swift */; };
		5B506B9B1FCB2754005A09CD /* LoginVC.swift in Sources */ = {isa = PBXBuildFile; fileRef = 5B506B9A1FCB2754005A09CD /* LoginVC.swift */; };
		5B506B9E1FCB2DE7005A09CD /* User.swift in Sources */ = {isa = PBXBuildFile; fileRef = 5B506B9D1FCB2DE7005A09CD /* User.swift */; };
		5B54C2BD1FD44DF40003F3CD /* PhotoAlbum.swift in Sources */ = {isa = PBXBuildFile; fileRef = 5B54C2BC1FD44DF40003F3CD /* PhotoAlbum.swift */; };
		5B54C2BF1FD44E6F0003F3CD /* Photo.swift in Sources */ = {isa = PBXBuildFile; fileRef = 5B54C2BE1FD44E6F0003F3CD /* Photo.swift */; };
		5B54C2C11FD4573C0003F3CD /* empty_image.png in Resources */ = {isa = PBXBuildFile; fileRef = 5B54C2C01FD4573C0003F3CD /* empty_image.png */; };
		5B54C2C41FD477AA0003F3CD /* AlbumVC.swift in Sources */ = {isa = PBXBuildFile; fileRef = 5B54C2C31FD477AA0003F3CD /* AlbumVC.swift */; };
		5B54C2C61FD4A28A0003F3CD /* PhotoCell.swift in Sources */ = {isa = PBXBuildFile; fileRef = 5B54C2C51FD4A28A0003F3CD /* PhotoCell.swift */; };
		5B647E1320780A8800584039 /* CALayer+.swift in Sources */ = {isa = PBXBuildFile; fileRef = 5B647E1220780A8800584039 /* CALayer+.swift */; };
		5B68602320ACBD8B00BB9003 /* UserProfileCell.swift in Sources */ = {isa = PBXBuildFile; fileRef = 5B68602220ACBD8B00BB9003 /* UserProfileCell.swift */; };
		5B70F0982078E5060028F1AB /* NVActivityIndicatorAnimationDelegate.swift in Sources */ = {isa = PBXBuildFile; fileRef = 5B70F06D2078E5060028F1AB /* NVActivityIndicatorAnimationDelegate.swift */; };
		5B70F0992078E5060028F1AB /* NVActivityIndicatorPresenter.swift in Sources */ = {isa = PBXBuildFile; fileRef = 5B70F06F2078E5060028F1AB /* NVActivityIndicatorPresenter.swift */; };
		5B70F09A2078E5060028F1AB /* NVActivityIndicatorViewable.swift in Sources */ = {isa = PBXBuildFile; fileRef = 5B70F0702078E5060028F1AB /* NVActivityIndicatorViewable.swift */; };
		5B70F09B2078E5060028F1AB /* NVActivityIndicatorShape.swift in Sources */ = {isa = PBXBuildFile; fileRef = 5B70F0712078E5060028F1AB /* NVActivityIndicatorShape.swift */; };
		5B70F09C2078E5060028F1AB /* NVActivityIndicatorView.swift in Sources */ = {isa = PBXBuildFile; fileRef = 5B70F0722078E5060028F1AB /* NVActivityIndicatorView.swift */; };
		5B70F09E2078E5060028F1AB /* NVActivityIndicatorAnimationBallRotate.swift in Sources */ = {isa = PBXBuildFile; fileRef = 5B70F0772078E5060028F1AB /* NVActivityIndicatorAnimationBallRotate.swift */; };
		5B70F09F2078E5060028F1AB /* NVActivityIndicatorAnimationBallGridPulse.swift in Sources */ = {isa = PBXBuildFile; fileRef = 5B70F0782078E5060028F1AB /* NVActivityIndicatorAnimationBallGridPulse.swift */; };
		5B70F0A02078E5060028F1AB /* NVActivityIndicatorAnimationBallClipRotate.swift in Sources */ = {isa = PBXBuildFile; fileRef = 5B70F0792078E5060028F1AB /* NVActivityIndicatorAnimationBallClipRotate.swift */; };
		5B70F0A12078E5060028F1AB /* NVActivityIndicatorAnimationBallClipRotateMultiple.swift in Sources */ = {isa = PBXBuildFile; fileRef = 5B70F07A2078E5060028F1AB /* NVActivityIndicatorAnimationBallClipRotateMultiple.swift */; };
		5B70F0A22078E5060028F1AB /* NVActivityIndicatorAnimationBallTrianglePath.swift in Sources */ = {isa = PBXBuildFile; fileRef = 5B70F07B2078E5060028F1AB /* NVActivityIndicatorAnimationBallTrianglePath.swift */; };
		5B70F0A32078E5060028F1AB /* NVActivityIndicatorAnimationLineScalePulseOut.swift in Sources */ = {isa = PBXBuildFile; fileRef = 5B70F07C2078E5060028F1AB /* NVActivityIndicatorAnimationLineScalePulseOut.swift */; };
		5B70F0A42078E5060028F1AB /* NVActivityIndicatorAnimationLineSpinFadeLoader.swift in Sources */ = {isa = PBXBuildFile; fileRef = 5B70F07D2078E5060028F1AB /* NVActivityIndicatorAnimationLineSpinFadeLoader.swift */; };
		5B70F0A52078E5060028F1AB /* NVActivityIndicatorAnimationBallZigZagDeflect.swift in Sources */ = {isa = PBXBuildFile; fileRef = 5B70F07E2078E5060028F1AB /* NVActivityIndicatorAnimationBallZigZagDeflect.swift */; };
		5B70F0A62078E5060028F1AB /* NVActivityIndicatorAnimationBallScale.swift in Sources */ = {isa = PBXBuildFile; fileRef = 5B70F07F2078E5060028F1AB /* NVActivityIndicatorAnimationBallScale.swift */; };
		5B70F0A72078E5060028F1AB /* NVActivityIndicatorAnimationBallZigZag.swift in Sources */ = {isa = PBXBuildFile; fileRef = 5B70F0802078E5060028F1AB /* NVActivityIndicatorAnimationBallZigZag.swift */; };
		5B70F0A82078E5060028F1AB /* NVActivityIndicatorAnimationBallBeat.swift in Sources */ = {isa = PBXBuildFile; fileRef = 5B70F0812078E5060028F1AB /* NVActivityIndicatorAnimationBallBeat.swift */; };
		5B70F0A92078E5060028F1AB /* NVActivityIndicatorAnimationSemiCircleSpin.swift in Sources */ = {isa = PBXBuildFile; fileRef = 5B70F0822078E5060028F1AB /* NVActivityIndicatorAnimationSemiCircleSpin.swift */; };
		5B70F0AA2078E5060028F1AB /* NVActivityIndicatorAnimationBallScaleRipple.swift in Sources */ = {isa = PBXBuildFile; fileRef = 5B70F0832078E5060028F1AB /* NVActivityIndicatorAnimationBallScaleRipple.swift */; };
		5B70F0AB2078E5060028F1AB /* NVActivityIndicatorAnimationBallClipRotatePulse.swift in Sources */ = {isa = PBXBuildFile; fileRef = 5B70F0842078E5060028F1AB /* NVActivityIndicatorAnimationBallClipRotatePulse.swift */; };
		5B70F0AC2078E5060028F1AB /* NVActivityIndicatorAnimationSquareSpin.swift in Sources */ = {isa = PBXBuildFile; fileRef = 5B70F0852078E5060028F1AB /* NVActivityIndicatorAnimationSquareSpin.swift */; };
		5B70F0AD2078E5060028F1AB /* NVActivityIndicatorAnimationBallRotateChase.swift in Sources */ = {isa = PBXBuildFile; fileRef = 5B70F0862078E5060028F1AB /* NVActivityIndicatorAnimationBallRotateChase.swift */; };
		5B70F0AE2078E5060028F1AB /* NVActivityIndicatorAnimationBallPulse.swift in Sources */ = {isa = PBXBuildFile; fileRef = 5B70F0872078E5060028F1AB /* NVActivityIndicatorAnimationBallPulse.swift */; };
		5B70F0AF2078E5060028F1AB /* NVActivityIndicatorAnimationBlank.swift in Sources */ = {isa = PBXBuildFile; fileRef = 5B70F0882078E5060028F1AB /* NVActivityIndicatorAnimationBlank.swift */; };
		5B70F0B02078E5060028F1AB /* NVActivityIndicatorAnimationCircleStrokeSpin.swift in Sources */ = {isa = PBXBuildFile; fileRef = 5B70F0892078E5060028F1AB /* NVActivityIndicatorAnimationCircleStrokeSpin.swift */; };
		5B70F0B12078E5060028F1AB /* NVActivityIndicatorAnimationAudioEqualizer.swift in Sources */ = {isa = PBXBuildFile; fileRef = 5B70F08A2078E5060028F1AB /* NVActivityIndicatorAnimationAudioEqualizer.swift */; };
		5B70F0B22078E5060028F1AB /* NVActivityIndicatorAnimationTriangleSkewSpin.swift in Sources */ = {isa = PBXBuildFile; fileRef = 5B70F08B2078E5060028F1AB /* NVActivityIndicatorAnimationTriangleSkewSpin.swift */; };
		5B70F0B32078E5060028F1AB /* NVActivityIndicatorAnimationBallGridBeat.swift in Sources */ = {isa = PBXBuildFile; fileRef = 5B70F08C2078E5060028F1AB /* NVActivityIndicatorAnimationBallGridBeat.swift */; };
		5B70F0B42078E5060028F1AB /* NVActivityIndicatorAnimationBallScaleMultiple.swift in Sources */ = {isa = PBXBuildFile; fileRef = 5B70F08D2078E5060028F1AB /* NVActivityIndicatorAnimationBallScaleMultiple.swift */; };
		5B70F0B52078E5060028F1AB /* NVActivityIndicatorAnimationLineScale.swift in Sources */ = {isa = PBXBuildFile; fileRef = 5B70F08E2078E5060028F1AB /* NVActivityIndicatorAnimationLineScale.swift */; };
		5B70F0B62078E5060028F1AB /* NVActivityIndicatorAnimationBallScaleRippleMultiple.swift in Sources */ = {isa = PBXBuildFile; fileRef = 5B70F08F2078E5060028F1AB /* NVActivityIndicatorAnimationBallScaleRippleMultiple.swift */; };
		5B70F0B72078E5060028F1AB /* NVActivityIndicatorAnimationPacman.swift in Sources */ = {isa = PBXBuildFile; fileRef = 5B70F0902078E5060028F1AB /* NVActivityIndicatorAnimationPacman.swift */; };
		5B70F0B82078E5060028F1AB /* NVActivityIndicatorAnimationBallPulseSync.swift in Sources */ = {isa = PBXBuildFile; fileRef = 5B70F0912078E5060028F1AB /* NVActivityIndicatorAnimationBallPulseSync.swift */; };
		5B70F0B92078E5060028F1AB /* NVActivityIndicatorAnimationCubeTransition.swift in Sources */ = {isa = PBXBuildFile; fileRef = 5B70F0922078E5060028F1AB /* NVActivityIndicatorAnimationCubeTransition.swift */; };
		5B70F0BA2078E5060028F1AB /* NVActivityIndicatorAnimationBallSpinFadeLoader.swift in Sources */ = {isa = PBXBuildFile; fileRef = 5B70F0932078E5060028F1AB /* NVActivityIndicatorAnimationBallSpinFadeLoader.swift */; };
		5B70F0BB2078E5060028F1AB /* NVActivityIndicatorAnimationLineScaleParty.swift in Sources */ = {isa = PBXBuildFile; fileRef = 5B70F0942078E5060028F1AB /* NVActivityIndicatorAnimationLineScaleParty.swift */; };
		5B70F0BC2078E5060028F1AB /* NVActivityIndicatorAnimationLineScalePulseOutRapid.swift in Sources */ = {isa = PBXBuildFile; fileRef = 5B70F0952078E5060028F1AB /* NVActivityIndicatorAnimationLineScalePulseOutRapid.swift */; };
		5B70F0BD2078E5060028F1AB /* NVActivityIndicatorAnimationBallPulseRise.swift in Sources */ = {isa = PBXBuildFile; fileRef = 5B70F0962078E5060028F1AB /* NVActivityIndicatorAnimationBallPulseRise.swift */; };
		5B70F0BE2078E5060028F1AB /* NVActivityIndicatorAnimationOrbit.swift in Sources */ = {isa = PBXBuildFile; fileRef = 5B70F0972078E5060028F1AB /* NVActivityIndicatorAnimationOrbit.swift */; };
		5B7B39FF205D6EBD00F178CF /* YUCIRGBToHSL.cikernel in Resources */ = {isa = PBXBuildFile; fileRef = 5B7B39FC205D6EBD00F178CF /* YUCIRGBToHSL.cikernel */; };
		5B7B3A00205D6EBD00F178CF /* YUCIRGBToneCurve.cikernel in Resources */ = {isa = PBXBuildFile; fileRef = 5B7B39FD205D6EBD00F178CF /* YUCIRGBToneCurve.cikernel */; };
		5B7B3A01205D6EBD00F178CF /* YUCIRGBToneCurve.m in Sources */ = {isa = PBXBuildFile; fileRef = 5B7B39FE205D6EBD00F178CF /* YUCIRGBToneCurve.m */; };
		5B7B3A04205D6F0800F178CF /* YUCIFilterConstructor.m in Sources */ = {isa = PBXBuildFile; fileRef = 5B7B3A02205D6F0700F178CF /* YUCIFilterConstructor.m */; };
		5B8AA0F520B4A24B009DC6CF /* header.png in Resources */ = {isa = PBXBuildFile; fileRef = 5B8AA0D820B4A247009DC6CF /* header.png */; };
		5B8AA0F620B4A24B009DC6CF /* upload_photos_disabled.png in Resources */ = {isa = PBXBuildFile; fileRef = 5B8AA0D920B4A248009DC6CF /* upload_photos_disabled.png */; };
		5B8AA0F720B4A24B009DC6CF /* delete.png in Resources */ = {isa = PBXBuildFile; fileRef = 5B8AA0DA20B4A248009DC6CF /* delete.png */; };
		5B8AA0F820B4A24B009DC6CF /* footer.jpg in Resources */ = {isa = PBXBuildFile; fileRef = 5B8AA0DB20B4A248009DC6CF /* footer.jpg */; };
		5B8AA0F920B4A24B009DC6CF /* profie_active.png in Resources */ = {isa = PBXBuildFile; fileRef = 5B8AA0DC20B4A248009DC6CF /* profie_active.png */; };
		5B8AA0FA20B4A24B009DC6CF /* log_out.png in Resources */ = {isa = PBXBuildFile; fileRef = 5B8AA0DD20B4A248009DC6CF /* log_out.png */; };
		5B8AA0FB20B4A24B009DC6CF /* back.png in Resources */ = {isa = PBXBuildFile; fileRef = 5B8AA0DE20B4A248009DC6CF /* back.png */; };
		5B8AA0FC20B4A24B009DC6CF /* done.png in Resources */ = {isa = PBXBuildFile; fileRef = 5B8AA0DF20B4A248009DC6CF /* done.png */; };
		5B8AA0FD20B4A24B009DC6CF /* notification_inactive.png in Resources */ = {isa = PBXBuildFile; fileRef = 5B8AA0E020B4A248009DC6CF /* notification_inactive.png */; };
		5B8AA0FE20B4A24B009DC6CF /* search_text_holder.png in Resources */ = {isa = PBXBuildFile; fileRef = 5B8AA0E120B4A248009DC6CF /* search_text_holder.png */; };
		5B8AA0FF20B4A24B009DC6CF /* sign_in_btn.png in Resources */ = {isa = PBXBuildFile; fileRef = 5B8AA0E220B4A248009DC6CF /* sign_in_btn.png */; };
		5B8AA10020B4A24B009DC6CF /* profile_image_bg.png in Resources */ = {isa = PBXBuildFile; fileRef = 5B8AA0E320B4A248009DC6CF /* profile_image_bg.png */; };
		5B8AA10120B4A24B009DC6CF /* upload_photos.png in Resources */ = {isa = PBXBuildFile; fileRef = 5B8AA0E420B4A249009DC6CF /* upload_photos.png */; };
		5B8AA10220B4A24B009DC6CF /* text_holder_unselected.png in Resources */ = {isa = PBXBuildFile; fileRef = 5B8AA0E520B4A249009DC6CF /* text_holder_unselected.png */; };
		5B8AA10320B4A24B009DC6CF /* notification_active.png in Resources */ = {isa = PBXBuildFile; fileRef = 5B8AA0E620B4A249009DC6CF /* notification_active.png */; };
		5B8AA10420B4A24B009DC6CF /* profie_inactive.png in Resources */ = {isa = PBXBuildFile; fileRef = 5B8AA0E720B4A249009DC6CF /* profie_inactive.png */; };
		5B8AA10520B4A24B009DC6CF /* profile_image_mask.png in Resources */ = {isa = PBXBuildFile; fileRef = 5B8AA0E820B4A249009DC6CF /* profile_image_mask.png */; };
		5B8AA10620B4A24B009DC6CF /* search_results.png in Resources */ = {isa = PBXBuildFile; fileRef = 5B8AA0E920B4A249009DC6CF /* search_results.png */; };
		5B8AA10720B4A24B009DC6CF /* upload_icon.png in Resources */ = {isa = PBXBuildFile; fileRef = 5B8AA0EA20B4A249009DC6CF /* upload_icon.png */; };
		5B8AA10820B4A24B009DC6CF /* bg.jpg in Resources */ = {isa = PBXBuildFile; fileRef = 5B8AA0EB20B4A249009DC6CF /* bg.jpg */; };
		5B8AA10A20B4A24B009DC6CF /* text_holder_selected.png in Resources */ = {isa = PBXBuildFile; fileRef = 5B8AA0ED20B4A24A009DC6CF /* text_holder_selected.png */; };
		5B8AA10B20B4A24B009DC6CF /* profie_icon.png in Resources */ = {isa = PBXBuildFile; fileRef = 5B8AA0EE20B4A24A009DC6CF /* profie_icon.png */; };
		5B8AA10C20B4A24B009DC6CF /* text_holder.png in Resources */ = {isa = PBXBuildFile; fileRef = 5B8AA0EF20B4A24A009DC6CF /* text_holder.png */; };
		5B8AA10D20B4A24B009DC6CF /* username_icon.png in Resources */ = {isa = PBXBuildFile; fileRef = 5B8AA0F020B4A24A009DC6CF /* username_icon.png */; };
		5B8AA10E20B4A24B009DC6CF /* footer_shadow.png in Resources */ = {isa = PBXBuildFile; fileRef = 5B8AA0F120B4A24A009DC6CF /* footer_shadow.png */; };
		5B8AA10F20B4A24B009DC6CF /* mail_icon.png in Resources */ = {isa = PBXBuildFile; fileRef = 5B8AA0F220B4A24A009DC6CF /* mail_icon.png */; };
		5B8AA11020B4A24B009DC6CF /* profile_image_frame.png in Resources */ = {isa = PBXBuildFile; fileRef = 5B8AA0F320B4A24A009DC6CF /* profile_image_frame.png */; };
		5B8AA11120B4A24B009DC6CF /* password.png in Resources */ = {isa = PBXBuildFile; fileRef = 5B8AA0F420B4A24B009DC6CF /* password.png */; };
		5B8AA11620B4B0B7009DC6CF /* photo_mask.png in Resources */ = {isa = PBXBuildFile; fileRef = 5B8AA11520B4B0B6009DC6CF /* photo_mask.png */; };
		5B8C775B20A705480084DD0D /* UserData.swift in Sources */ = {isa = PBXBuildFile; fileRef = 5B8C775A20A705480084DD0D /* UserData.swift */; };
		5B91F0BF20A37D640013A36C /* AlbumCell.swift in Sources */ = {isa = PBXBuildFile; fileRef = 5B91F0BE20A37D640013A36C /* AlbumCell.swift */; };
		5B91F0C120A37D8B0013A36C /* SharedAlbumCell.swift in Sources */ = {isa = PBXBuildFile; fileRef = 5B91F0C020A37D8B0013A36C /* SharedAlbumCell.swift */; };
		5B91F0C320A381A00013A36C /* MyAlbumCell.swift in Sources */ = {isa = PBXBuildFile; fileRef = 5B91F0C220A381A00013A36C /* MyAlbumCell.swift */; };
		5B91F0C520A38BB10013A36C /* NewAlbumCell.swift in Sources */ = {isa = PBXBuildFile; fileRef = 5B91F0C420A38BB10013A36C /* NewAlbumCell.swift */; };
		5B91F0C920A39CA50013A36C /* MyPhotoAlbum.swift in Sources */ = {isa = PBXBuildFile; fileRef = 5B91F0C820A39CA50013A36C /* MyPhotoAlbum.swift */; };
		5B91F0CB20A39CC10013A36C /* SharedPhotoAlbum.swift in Sources */ = {isa = PBXBuildFile; fileRef = 5B91F0CA20A39CC10013A36C /* SharedPhotoAlbum.swift */; };
		5BA2799C2077F37C002654CC /* String+.swift in Sources */ = {isa = PBXBuildFile; fileRef = 5BA2799B2077F37C002654CC /* String+.swift */; };
		5BABDA01204AF31800654E5F /* SearchUsersVC.swift in Sources */ = {isa = PBXBuildFile; fileRef = 5BABDA00204AF31800654E5F /* SearchUsersVC.swift */; };
		5BABDA03204AFA6100654E5F /* FirebaseUser.swift in Sources */ = {isa = PBXBuildFile; fileRef = 5BABDA02204AFA6100654E5F /* FirebaseUser.swift */; };
		5BABDA05204AFB7300654E5F /* FirebaseUserCell.swift in Sources */ = {isa = PBXBuildFile; fileRef = 5BABDA04204AFB7300654E5F /* FirebaseUserCell.swift */; };
		5BB0157D203F70FE00FA89D7 /* FirebaseStorageController.swift in Sources */ = {isa = PBXBuildFile; fileRef = 5BB0157C203F70FE00FA89D7 /* FirebaseStorageController.swift */; };
		5BB1627C20307F5D00C804FD /* FirebaseDatabaseController.swift in Sources */ = {isa = PBXBuildFile; fileRef = 5BB1627B20307F5D00C804FD /* FirebaseDatabaseController.swift */; };
		5BB4440C20AB6FCE003036EC /* NotificationData.swift in Sources */ = {isa = PBXBuildFile; fileRef = 5BB4440B20AB6FCE003036EC /* NotificationData.swift */; };
		5BB4440E20AB7E0E003036EC /* NotificationCell.swift in Sources */ = {isa = PBXBuildFile; fileRef = 5BB4440D20AB7E0E003036EC /* NotificationCell.swift */; };
		5BC39F1420585117000E5CAF /* PhotoEditVC.swift in Sources */ = {isa = PBXBuildFile; fileRef = 5BC39F1320585117000E5CAF /* PhotoEditVC.swift */; };
		5BC39F1720585B8F000E5CAF /* EditorImageView.swift in Sources */ = {isa = PBXBuildFile; fileRef = 5BC39F1620585B8F000E5CAF /* EditorImageView.swift */; };
		5BC39F1A20585BCE000E5CAF /* UIColor+.swift in Sources */ = {isa = PBXBuildFile; fileRef = 5BC39F1820585BCE000E5CAF /* UIColor+.swift */; };
		5BC39F1B20585BCE000E5CAF /* UIImage+.swift in Sources */ = {isa = PBXBuildFile; fileRef = 5BC39F1920585BCE000E5CAF /* UIImage+.swift */; };
		5BD25A1B205D609300CD1BAA /* FilterStore.swift in Sources */ = {isa = PBXBuildFile; fileRef = 5BD25A1A205D609300CD1BAA /* FilterStore.swift */; };
		5BD25A1D205D627700CD1BAA /* FilterImageCell.swift in Sources */ = {isa = PBXBuildFile; fileRef = 5BD25A1C205D627700CD1BAA /* FilterImageCell.swift */; };
		5BE9D17F1FAE3A0500481384 /* AppDelegate.swift in Sources */ = {isa = PBXBuildFile; fileRef = 5BE9D17E1FAE3A0500481384 /* AppDelegate.swift */; };
		5BE9D1811FAE3A0500481384 /* ViewController.swift in Sources */ = {isa = PBXBuildFile; fileRef = 5BE9D1801FAE3A0500481384 /* ViewController.swift */; };
		5BE9D1841FAE3A0500481384 /* Main.storyboard in Resources */ = {isa = PBXBuildFile; fileRef = 5BE9D1821FAE3A0500481384 /* Main.storyboard */; };
		5BE9D1861FAE3A0500481384 /* Assets.xcassets in Resources */ = {isa = PBXBuildFile; fileRef = 5BE9D1851FAE3A0500481384 /* Assets.xcassets */; };
		5BE9D1891FAE3A0500481384 /* LaunchScreen.storyboard in Resources */ = {isa = PBXBuildFile; fileRef = 5BE9D1871FAE3A0500481384 /* LaunchScreen.storyboard */; };
		5BE9D1AE1FAE3F9300481384 /* HomeVC.swift in Sources */ = {isa = PBXBuildFile; fileRef = 5BE9D1AD1FAE3F9300481384 /* HomeVC.swift */; };
		5BF531C11FC45D470012960E /* GalleryVC.swift in Sources */ = {isa = PBXBuildFile; fileRef = 5BF531C01FC45D470012960E /* GalleryVC.swift */; };
		5BF531C31FC45F040012960E /* GalleryCell.swift in Sources */ = {isa = PBXBuildFile; fileRef = 5BF531C21FC45F040012960E /* GalleryCell.swift */; };
		9FED874050E09E0A9DE1D5EB /* Pods_PhotoAlbum.framework in Frameworks */ = {isa = PBXBuildFile; fileRef = 1C7155B556C96A22C5514506 /* Pods_PhotoAlbum.framework */; };
/* End PBXBuildFile section */

/* Begin PBXFileReference section */
		1C7155B556C96A22C5514506 /* Pods_PhotoAlbum.framework */ = {isa = PBXFileReference; explicitFileType = wrapper.framework; includeInIndex = 0; path = Pods_PhotoAlbum.framework; sourceTree = BUILT_PRODUCTS_DIR; };
		5B0A73F71FD2E2B2001B3CC2 /* Settings.swift */ = {isa = PBXFileReference; lastKnownFileType = sourcecode.swift; path = Settings.swift; sourceTree = "<group>"; };
		5B0A73FA1FD312BF001B3CC2 /* PhotoAlbumCell.swift */ = {isa = PBXFileReference; lastKnownFileType = sourcecode.swift; path = PhotoAlbumCell.swift; sourceTree = "<group>"; };
		5B0BDF0A1FCDEA5C0092500C /* logo.png */ = {isa = PBXFileReference; lastKnownFileType = image.png; name = logo.png; path = Skin/logo.png; sourceTree = "<group>"; };
		5B0BDF131FCDEC9E0092500C /* close_btn.png */ = {isa = PBXFileReference; lastKnownFileType = image.png; name = close_btn.png; path = Skin/close_btn.png; sourceTree = "<group>"; };
		5B0BDF141FCDEC9E0092500C /* invite_btn.png */ = {isa = PBXFileReference; lastKnownFileType = image.png; name = invite_btn.png; path = Skin/invite_btn.png; sourceTree = "<group>"; };
		5B0D98251FE6937000E567EF /* GoogleService-Info.plist */ = {isa = PBXFileReference; fileEncoding = 4; lastKnownFileType = text.plist.xml; path = "GoogleService-Info.plist"; sourceTree = "<group>"; };
		5B41404E1FE6C775008DDB67 /* libz.tbd */ = {isa = PBXFileReference; lastKnownFileType = "sourcecode.text-based-dylib-definition"; name = libz.tbd; path = usr/lib/libz.tbd; sourceTree = SDKROOT; };
		5B4140501FE6CD45008DDB67 /* libz.1.2.5.tbd */ = {isa = PBXFileReference; lastKnownFileType = "sourcecode.text-based-dylib-definition"; name = libz.1.2.5.tbd; path = usr/lib/libz.1.2.5.tbd; sourceTree = SDKROOT; };
		5B4140521FE6D29F008DDB67 /* libc++.tbd */ = {isa = PBXFileReference; lastKnownFileType = "sourcecode.text-based-dylib-definition"; name = "libc++.tbd"; path = "usr/lib/libc++.tbd"; sourceTree = SDKROOT; };
		5B4140541FE6D2B2008DDB67 /* libsqlite3.tbd */ = {isa = PBXFileReference; lastKnownFileType = "sourcecode.text-based-dylib-definition"; name = libsqlite3.tbd; path = usr/lib/libsqlite3.tbd; sourceTree = SDKROOT; };
		5B46292A203093AA001C6CBC /* FirebaseListener.swift */ = {isa = PBXFileReference; lastKnownFileType = sourcecode.swift; path = FirebaseListener.swift; sourceTree = "<group>"; };
		5B506B9A1FCB2754005A09CD /* LoginVC.swift */ = {isa = PBXFileReference; lastKnownFileType = sourcecode.swift; path = LoginVC.swift; sourceTree = "<group>"; };
		5B506B9D1FCB2DE7005A09CD /* User.swift */ = {isa = PBXFileReference; lastKnownFileType = sourcecode.swift; path = User.swift; sourceTree = "<group>"; };
		5B54C2BC1FD44DF40003F3CD /* PhotoAlbum.swift */ = {isa = PBXFileReference; lastKnownFileType = sourcecode.swift; path = PhotoAlbum.swift; sourceTree = "<group>"; };
		5B54C2BE1FD44E6F0003F3CD /* Photo.swift */ = {isa = PBXFileReference; lastKnownFileType = sourcecode.swift; path = Photo.swift; sourceTree = "<group>"; };
		5B54C2C01FD4573C0003F3CD /* empty_image.png */ = {isa = PBXFileReference; lastKnownFileType = image.png; name = empty_image.png; path = Skin/empty_image.png; sourceTree = "<group>"; };
		5B54C2C31FD477AA0003F3CD /* AlbumVC.swift */ = {isa = PBXFileReference; lastKnownFileType = sourcecode.swift; path = AlbumVC.swift; sourceTree = "<group>"; };
		5B54C2C51FD4A28A0003F3CD /* PhotoCell.swift */ = {isa = PBXFileReference; lastKnownFileType = sourcecode.swift; path = PhotoCell.swift; sourceTree = "<group>"; };
		5B647E1220780A8800584039 /* CALayer+.swift */ = {isa = PBXFileReference; lastKnownFileType = sourcecode.swift; path = "CALayer+.swift"; sourceTree = "<group>"; };
		5B68602220ACBD8B00BB9003 /* UserProfileCell.swift */ = {isa = PBXFileReference; lastKnownFileType = sourcecode.swift; path = UserProfileCell.swift; sourceTree = "<group>"; };
		5B70F06D2078E5060028F1AB /* NVActivityIndicatorAnimationDelegate.swift */ = {isa = PBXFileReference; fileEncoding = 4; lastKnownFileType = sourcecode.swift; path = NVActivityIndicatorAnimationDelegate.swift; sourceTree = "<group>"; };
		5B70F06F2078E5060028F1AB /* NVActivityIndicatorPresenter.swift */ = {isa = PBXFileReference; fileEncoding = 4; lastKnownFileType = sourcecode.swift; path = NVActivityIndicatorPresenter.swift; sourceTree = "<group>"; };
		5B70F0702078E5060028F1AB /* NVActivityIndicatorViewable.swift */ = {isa = PBXFileReference; fileEncoding = 4; lastKnownFileType = sourcecode.swift; path = NVActivityIndicatorViewable.swift; sourceTree = "<group>"; };
		5B70F0712078E5060028F1AB /* NVActivityIndicatorShape.swift */ = {isa = PBXFileReference; fileEncoding = 4; lastKnownFileType = sourcecode.swift; path = NVActivityIndicatorShape.swift; sourceTree = "<group>"; };
		5B70F0722078E5060028F1AB /* NVActivityIndicatorView.swift */ = {isa = PBXFileReference; fileEncoding = 4; lastKnownFileType = sourcecode.swift; path = NVActivityIndicatorView.swift; sourceTree = "<group>"; };
		5B70F0742078E5060028F1AB /* NVActivityIndicatorView.h */ = {isa = PBXFileReference; fileEncoding = 4; lastKnownFileType = sourcecode.c.h; path = NVActivityIndicatorView.h; sourceTree = "<group>"; };
		5B70F0772078E5060028F1AB /* NVActivityIndicatorAnimationBallRotate.swift */ = {isa = PBXFileReference; fileEncoding = 4; lastKnownFileType = sourcecode.swift; path = NVActivityIndicatorAnimationBallRotate.swift; sourceTree = "<group>"; };
		5B70F0782078E5060028F1AB /* NVActivityIndicatorAnimationBallGridPulse.swift */ = {isa = PBXFileReference; fileEncoding = 4; lastKnownFileType = sourcecode.swift; path = NVActivityIndicatorAnimationBallGridPulse.swift; sourceTree = "<group>"; };
		5B70F0792078E5060028F1AB /* NVActivityIndicatorAnimationBallClipRotate.swift */ = {isa = PBXFileReference; fileEncoding = 4; lastKnownFileType = sourcecode.swift; path = NVActivityIndicatorAnimationBallClipRotate.swift; sourceTree = "<group>"; };
		5B70F07A2078E5060028F1AB /* NVActivityIndicatorAnimationBallClipRotateMultiple.swift */ = {isa = PBXFileReference; fileEncoding = 4; lastKnownFileType = sourcecode.swift; path = NVActivityIndicatorAnimationBallClipRotateMultiple.swift; sourceTree = "<group>"; };
		5B70F07B2078E5060028F1AB /* NVActivityIndicatorAnimationBallTrianglePath.swift */ = {isa = PBXFileReference; fileEncoding = 4; lastKnownFileType = sourcecode.swift; path = NVActivityIndicatorAnimationBallTrianglePath.swift; sourceTree = "<group>"; };
		5B70F07C2078E5060028F1AB /* NVActivityIndicatorAnimationLineScalePulseOut.swift */ = {isa = PBXFileReference; fileEncoding = 4; lastKnownFileType = sourcecode.swift; path = NVActivityIndicatorAnimationLineScalePulseOut.swift; sourceTree = "<group>"; };
		5B70F07D2078E5060028F1AB /* NVActivityIndicatorAnimationLineSpinFadeLoader.swift */ = {isa = PBXFileReference; fileEncoding = 4; lastKnownFileType = sourcecode.swift; path = NVActivityIndicatorAnimationLineSpinFadeLoader.swift; sourceTree = "<group>"; };
		5B70F07E2078E5060028F1AB /* NVActivityIndicatorAnimationBallZigZagDeflect.swift */ = {isa = PBXFileReference; fileEncoding = 4; lastKnownFileType = sourcecode.swift; path = NVActivityIndicatorAnimationBallZigZagDeflect.swift; sourceTree = "<group>"; };
		5B70F07F2078E5060028F1AB /* NVActivityIndicatorAnimationBallScale.swift */ = {isa = PBXFileReference; fileEncoding = 4; lastKnownFileType = sourcecode.swift; path = NVActivityIndicatorAnimationBallScale.swift; sourceTree = "<group>"; };
		5B70F0802078E5060028F1AB /* NVActivityIndicatorAnimationBallZigZag.swift */ = {isa = PBXFileReference; fileEncoding = 4; lastKnownFileType = sourcecode.swift; path = NVActivityIndicatorAnimationBallZigZag.swift; sourceTree = "<group>"; };
		5B70F0812078E5060028F1AB /* NVActivityIndicatorAnimationBallBeat.swift */ = {isa = PBXFileReference; fileEncoding = 4; lastKnownFileType = sourcecode.swift; path = NVActivityIndicatorAnimationBallBeat.swift; sourceTree = "<group>"; };
		5B70F0822078E5060028F1AB /* NVActivityIndicatorAnimationSemiCircleSpin.swift */ = {isa = PBXFileReference; fileEncoding = 4; lastKnownFileType = sourcecode.swift; path = NVActivityIndicatorAnimationSemiCircleSpin.swift; sourceTree = "<group>"; };
		5B70F0832078E5060028F1AB /* NVActivityIndicatorAnimationBallScaleRipple.swift */ = {isa = PBXFileReference; fileEncoding = 4; lastKnownFileType = sourcecode.swift; path = NVActivityIndicatorAnimationBallScaleRipple.swift; sourceTree = "<group>"; };
		5B70F0842078E5060028F1AB /* NVActivityIndicatorAnimationBallClipRotatePulse.swift */ = {isa = PBXFileReference; fileEncoding = 4; lastKnownFileType = sourcecode.swift; path = NVActivityIndicatorAnimationBallClipRotatePulse.swift; sourceTree = "<group>"; };
		5B70F0852078E5060028F1AB /* NVActivityIndicatorAnimationSquareSpin.swift */ = {isa = PBXFileReference; fileEncoding = 4; lastKnownFileType = sourcecode.swift; path = NVActivityIndicatorAnimationSquareSpin.swift; sourceTree = "<group>"; };
		5B70F0862078E5060028F1AB /* NVActivityIndicatorAnimationBallRotateChase.swift */ = {isa = PBXFileReference; fileEncoding = 4; lastKnownFileType = sourcecode.swift; path = NVActivityIndicatorAnimationBallRotateChase.swift; sourceTree = "<group>"; };
		5B70F0872078E5060028F1AB /* NVActivityIndicatorAnimationBallPulse.swift */ = {isa = PBXFileReference; fileEncoding = 4; lastKnownFileType = sourcecode.swift; path = NVActivityIndicatorAnimationBallPulse.swift; sourceTree = "<group>"; };
		5B70F0882078E5060028F1AB /* NVActivityIndicatorAnimationBlank.swift */ = {isa = PBXFileReference; fileEncoding = 4; lastKnownFileType = sourcecode.swift; path = NVActivityIndicatorAnimationBlank.swift; sourceTree = "<group>"; };
		5B70F0892078E5060028F1AB /* NVActivityIndicatorAnimationCircleStrokeSpin.swift */ = {isa = PBXFileReference; fileEncoding = 4; lastKnownFileType = sourcecode.swift; path = NVActivityIndicatorAnimationCircleStrokeSpin.swift; sourceTree = "<group>"; };
		5B70F08A2078E5060028F1AB /* NVActivityIndicatorAnimationAudioEqualizer.swift */ = {isa = PBXFileReference; fileEncoding = 4; lastKnownFileType = sourcecode.swift; path = NVActivityIndicatorAnimationAudioEqualizer.swift; sourceTree = "<group>"; };
		5B70F08B2078E5060028F1AB /* NVActivityIndicatorAnimationTriangleSkewSpin.swift */ = {isa = PBXFileReference; fileEncoding = 4; lastKnownFileType = sourcecode.swift; path = NVActivityIndicatorAnimationTriangleSkewSpin.swift; sourceTree = "<group>"; };
		5B70F08C2078E5060028F1AB /* NVActivityIndicatorAnimationBallGridBeat.swift */ = {isa = PBXFileReference; fileEncoding = 4; lastKnownFileType = sourcecode.swift; path = NVActivityIndicatorAnimationBallGridBeat.swift; sourceTree = "<group>"; };
		5B70F08D2078E5060028F1AB /* NVActivityIndicatorAnimationBallScaleMultiple.swift */ = {isa = PBXFileReference; fileEncoding = 4; lastKnownFileType = sourcecode.swift; path = NVActivityIndicatorAnimationBallScaleMultiple.swift; sourceTree = "<group>"; };
		5B70F08E2078E5060028F1AB /* NVActivityIndicatorAnimationLineScale.swift */ = {isa = PBXFileReference; fileEncoding = 4; lastKnownFileType = sourcecode.swift; path = NVActivityIndicatorAnimationLineScale.swift; sourceTree = "<group>"; };
		5B70F08F2078E5060028F1AB /* NVActivityIndicatorAnimationBallScaleRippleMultiple.swift */ = {isa = PBXFileReference; fileEncoding = 4; lastKnownFileType = sourcecode.swift; path = NVActivityIndicatorAnimationBallScaleRippleMultiple.swift; sourceTree = "<group>"; };
		5B70F0902078E5060028F1AB /* NVActivityIndicatorAnimationPacman.swift */ = {isa = PBXFileReference; fileEncoding = 4; lastKnownFileType = sourcecode.swift; path = NVActivityIndicatorAnimationPacman.swift; sourceTree = "<group>"; };
		5B70F0912078E5060028F1AB /* NVActivityIndicatorAnimationBallPulseSync.swift */ = {isa = PBXFileReference; fileEncoding = 4; lastKnownFileType = sourcecode.swift; path = NVActivityIndicatorAnimationBallPulseSync.swift; sourceTree = "<group>"; };
		5B70F0922078E5060028F1AB /* NVActivityIndicatorAnimationCubeTransition.swift */ = {isa = PBXFileReference; fileEncoding = 4; lastKnownFileType = sourcecode.swift; path = NVActivityIndicatorAnimationCubeTransition.swift; sourceTree = "<group>"; };
		5B70F0932078E5060028F1AB /* NVActivityIndicatorAnimationBallSpinFadeLoader.swift */ = {isa = PBXFileReference; fileEncoding = 4; lastKnownFileType = sourcecode.swift; path = NVActivityIndicatorAnimationBallSpinFadeLoader.swift; sourceTree = "<group>"; };
		5B70F0942078E5060028F1AB /* NVActivityIndicatorAnimationLineScaleParty.swift */ = {isa = PBXFileReference; fileEncoding = 4; lastKnownFileType = sourcecode.swift; path = NVActivityIndicatorAnimationLineScaleParty.swift; sourceTree = "<group>"; };
		5B70F0952078E5060028F1AB /* NVActivityIndicatorAnimationLineScalePulseOutRapid.swift */ = {isa = PBXFileReference; fileEncoding = 4; lastKnownFileType = sourcecode.swift; path = NVActivityIndicatorAnimationLineScalePulseOutRapid.swift; sourceTree = "<group>"; };
		5B70F0962078E5060028F1AB /* NVActivityIndicatorAnimationBallPulseRise.swift */ = {isa = PBXFileReference; fileEncoding = 4; lastKnownFileType = sourcecode.swift; path = NVActivityIndicatorAnimationBallPulseRise.swift; sourceTree = "<group>"; };
		5B70F0972078E5060028F1AB /* NVActivityIndicatorAnimationOrbit.swift */ = {isa = PBXFileReference; fileEncoding = 4; lastKnownFileType = sourcecode.swift; path = NVActivityIndicatorAnimationOrbit.swift; sourceTree = "<group>"; };
		5B7B39FB205D6EBD00F178CF /* YUCIRGBToneCurve.h */ = {isa = PBXFileReference; fileEncoding = 4; lastKnownFileType = sourcecode.c.h; path = YUCIRGBToneCurve.h; sourceTree = "<group>"; };
		5B7B39FC205D6EBD00F178CF /* YUCIRGBToHSL.cikernel */ = {isa = PBXFileReference; fileEncoding = 4; lastKnownFileType = text; path = YUCIRGBToHSL.cikernel; sourceTree = "<group>"; };
		5B7B39FD205D6EBD00F178CF /* YUCIRGBToneCurve.cikernel */ = {isa = PBXFileReference; fileEncoding = 4; lastKnownFileType = text; path = YUCIRGBToneCurve.cikernel; sourceTree = "<group>"; };
		5B7B39FE205D6EBD00F178CF /* YUCIRGBToneCurve.m */ = {isa = PBXFileReference; fileEncoding = 4; lastKnownFileType = sourcecode.c.objc; path = YUCIRGBToneCurve.m; sourceTree = "<group>"; };
		5B7B3A02205D6F0700F178CF /* YUCIFilterConstructor.m */ = {isa = PBXFileReference; fileEncoding = 4; lastKnownFileType = sourcecode.c.objc; path = YUCIFilterConstructor.m; sourceTree = "<group>"; };
		5B7B3A03205D6F0800F178CF /* YUCIFilterConstructor.h */ = {isa = PBXFileReference; fileEncoding = 4; lastKnownFileType = sourcecode.c.h; path = YUCIFilterConstructor.h; sourceTree = "<group>"; };
		5B8AA0D820B4A247009DC6CF /* header.png */ = {isa = PBXFileReference; lastKnownFileType = image.png; name = header.png; path = Skin/header.png; sourceTree = "<group>"; };
		5B8AA0D920B4A248009DC6CF /* upload_photos_disabled.png */ = {isa = PBXFileReference; lastKnownFileType = image.png; name = upload_photos_disabled.png; path = Skin/upload_photos_disabled.png; sourceTree = "<group>"; };
		5B8AA0DA20B4A248009DC6CF /* delete.png */ = {isa = PBXFileReference; lastKnownFileType = image.png; name = delete.png; path = Skin/delete.png; sourceTree = "<group>"; };
		5B8AA0DB20B4A248009DC6CF /* footer.jpg */ = {isa = PBXFileReference; lastKnownFileType = image.jpeg; name = footer.jpg; path = Skin/footer.jpg; sourceTree = "<group>"; };
		5B8AA0DC20B4A248009DC6CF /* profie_active.png */ = {isa = PBXFileReference; lastKnownFileType = image.png; name = profie_active.png; path = Skin/profie_active.png; sourceTree = "<group>"; };
		5B8AA0DD20B4A248009DC6CF /* log_out.png */ = {isa = PBXFileReference; lastKnownFileType = image.png; name = log_out.png; path = Skin/log_out.png; sourceTree = "<group>"; };
		5B8AA0DE20B4A248009DC6CF /* back.png */ = {isa = PBXFileReference; lastKnownFileType = image.png; name = back.png; path = Skin/back.png; sourceTree = "<group>"; };
		5B8AA0DF20B4A248009DC6CF /* done.png */ = {isa = PBXFileReference; lastKnownFileType = image.png; name = done.png; path = Skin/done.png; sourceTree = "<group>"; };
		5B8AA0E020B4A248009DC6CF /* notification_inactive.png */ = {isa = PBXFileReference; lastKnownFileType = image.png; name = notification_inactive.png; path = Skin/notification_inactive.png; sourceTree = "<group>"; };
		5B8AA0E120B4A248009DC6CF /* search_text_holder.png */ = {isa = PBXFileReference; lastKnownFileType = image.png; name = search_text_holder.png; path = Skin/search_text_holder.png; sourceTree = "<group>"; };
		5B8AA0E220B4A248009DC6CF /* sign_in_btn.png */ = {isa = PBXFileReference; lastKnownFileType = image.png; name = sign_in_btn.png; path = Skin/sign_in_btn.png; sourceTree = "<group>"; };
		5B8AA0E320B4A248009DC6CF /* profile_image_bg.png */ = {isa = PBXFileReference; lastKnownFileType = image.png; name = profile_image_bg.png; path = Skin/profile_image_bg.png; sourceTree = "<group>"; };
		5B8AA0E420B4A249009DC6CF /* upload_photos.png */ = {isa = PBXFileReference; lastKnownFileType = image.png; name = upload_photos.png; path = Skin/upload_photos.png; sourceTree = "<group>"; };
		5B8AA0E520B4A249009DC6CF /* text_holder_unselected.png */ = {isa = PBXFileReference; lastKnownFileType = image.png; name = text_holder_unselected.png; path = Skin/text_holder_unselected.png; sourceTree = "<group>"; };
		5B8AA0E620B4A249009DC6CF /* notification_active.png */ = {isa = PBXFileReference; lastKnownFileType = image.png; name = notification_active.png; path = Skin/notification_active.png; sourceTree = "<group>"; };
		5B8AA0E720B4A249009DC6CF /* profie_inactive.png */ = {isa = PBXFileReference; lastKnownFileType = image.png; name = profie_inactive.png; path = Skin/profie_inactive.png; sourceTree = "<group>"; };
		5B8AA0E820B4A249009DC6CF /* profile_image_mask.png */ = {isa = PBXFileReference; lastKnownFileType = image.png; name = profile_image_mask.png; path = Skin/profile_image_mask.png; sourceTree = "<group>"; };
		5B8AA0E920B4A249009DC6CF /* search_results.png */ = {isa = PBXFileReference; lastKnownFileType = image.png; name = search_results.png; path = Skin/search_results.png; sourceTree = "<group>"; };
		5B8AA0EA20B4A249009DC6CF /* upload_icon.png */ = {isa = PBXFileReference; lastKnownFileType = image.png; name = upload_icon.png; path = Skin/upload_icon.png; sourceTree = "<group>"; };
		5B8AA0EB20B4A249009DC6CF /* bg.jpg */ = {isa = PBXFileReference; lastKnownFileType = image.jpeg; name = bg.jpg; path = Skin/bg.jpg; sourceTree = "<group>"; };
		5B8AA0ED20B4A24A009DC6CF /* text_holder_selected.png */ = {isa = PBXFileReference; lastKnownFileType = image.png; name = text_holder_selected.png; path = Skin/text_holder_selected.png; sourceTree = "<group>"; };
		5B8AA0EE20B4A24A009DC6CF /* profie_icon.png */ = {isa = PBXFileReference; lastKnownFileType = image.png; name = profie_icon.png; path = Skin/profie_icon.png; sourceTree = "<group>"; };
		5B8AA0EF20B4A24A009DC6CF /* text_holder.png */ = {isa = PBXFileReference; lastKnownFileType = image.png; name = text_holder.png; path = Skin/text_holder.png; sourceTree = "<group>"; };
		5B8AA0F020B4A24A009DC6CF /* username_icon.png */ = {isa = PBXFileReference; lastKnownFileType = image.png; name = username_icon.png; path = Skin/username_icon.png; sourceTree = "<group>"; };
		5B8AA0F120B4A24A009DC6CF /* footer_shadow.png */ = {isa = PBXFileReference; lastKnownFileType = image.png; name = footer_shadow.png; path = Skin/footer_shadow.png; sourceTree = "<group>"; };
		5B8AA0F220B4A24A009DC6CF /* mail_icon.png */ = {isa = PBXFileReference; lastKnownFileType = image.png; name = mail_icon.png; path = Skin/mail_icon.png; sourceTree = "<group>"; };
		5B8AA0F320B4A24A009DC6CF /* profile_image_frame.png */ = {isa = PBXFileReference; lastKnownFileType = image.png; name = profile_image_frame.png; path = Skin/profile_image_frame.png; sourceTree = "<group>"; };
		5B8AA0F420B4A24B009DC6CF /* password.png */ = {isa = PBXFileReference; lastKnownFileType = image.png; name = password.png; path = Skin/password.png; sourceTree = "<group>"; };
		5B8AA11520B4B0B6009DC6CF /* photo_mask.png */ = {isa = PBXFileReference; lastKnownFileType = image.png; name = photo_mask.png; path = Skin/photo_mask.png; sourceTree = "<group>"; };
		5B8C775A20A705480084DD0D /* UserData.swift */ = {isa = PBXFileReference; lastKnownFileType = sourcecode.swift; path = UserData.swift; sourceTree = "<group>"; };
		5B91F0BE20A37D640013A36C /* AlbumCell.swift */ = {isa = PBXFileReference; lastKnownFileType = sourcecode.swift; path = AlbumCell.swift; sourceTree = "<group>"; };
		5B91F0C020A37D8B0013A36C /* SharedAlbumCell.swift */ = {isa = PBXFileReference; lastKnownFileType = sourcecode.swift; path = SharedAlbumCell.swift; sourceTree = "<group>"; };
		5B91F0C220A381A00013A36C /* MyAlbumCell.swift */ = {isa = PBXFileReference; lastKnownFileType = sourcecode.swift; path = MyAlbumCell.swift; sourceTree = "<group>"; };
		5B91F0C420A38BB10013A36C /* NewAlbumCell.swift */ = {isa = PBXFileReference; lastKnownFileType = sourcecode.swift; path = NewAlbumCell.swift; sourceTree = "<group>"; };
		5B91F0C820A39CA50013A36C /* MyPhotoAlbum.swift */ = {isa = PBXFileReference; lastKnownFileType = sourcecode.swift; path = MyPhotoAlbum.swift; sourceTree = "<group>"; };
		5B91F0CA20A39CC10013A36C /* SharedPhotoAlbum.swift */ = {isa = PBXFileReference; lastKnownFileType = sourcecode.swift; path = SharedPhotoAlbum.swift; sourceTree = "<group>"; };
		5BA2799B2077F37C002654CC /* String+.swift */ = {isa = PBXFileReference; lastKnownFileType = sourcecode.swift; path = "String+.swift"; sourceTree = "<group>"; };
		5BABDA00204AF31800654E5F /* SearchUsersVC.swift */ = {isa = PBXFileReference; lastKnownFileType = sourcecode.swift; path = SearchUsersVC.swift; sourceTree = "<group>"; };
		5BABDA02204AFA6100654E5F /* FirebaseUser.swift */ = {isa = PBXFileReference; lastKnownFileType = sourcecode.swift; path = FirebaseUser.swift; sourceTree = "<group>"; };
		5BABDA04204AFB7300654E5F /* FirebaseUserCell.swift */ = {isa = PBXFileReference; lastKnownFileType = sourcecode.swift; path = FirebaseUserCell.swift; sourceTree = "<group>"; };
		5BB0157C203F70FE00FA89D7 /* FirebaseStorageController.swift */ = {isa = PBXFileReference; lastKnownFileType = sourcecode.swift; path = FirebaseStorageController.swift; sourceTree = "<group>"; };
		5BB1627B20307F5D00C804FD /* FirebaseDatabaseController.swift */ = {isa = PBXFileReference; lastKnownFileType = sourcecode.swift; path = FirebaseDatabaseController.swift; sourceTree = "<group>"; };
		5BB4440B20AB6FCE003036EC /* NotificationData.swift */ = {isa = PBXFileReference; lastKnownFileType = sourcecode.swift; path = NotificationData.swift; sourceTree = "<group>"; };
		5BB4440D20AB7E0E003036EC /* NotificationCell.swift */ = {isa = PBXFileReference; lastKnownFileType = sourcecode.swift; path = NotificationCell.swift; sourceTree = "<group>"; };
		5BC39F1320585117000E5CAF /* PhotoEditVC.swift */ = {isa = PBXFileReference; lastKnownFileType = sourcecode.swift; path = PhotoEditVC.swift; sourceTree = "<group>"; };
		5BC39F1620585B8F000E5CAF /* EditorImageView.swift */ = {isa = PBXFileReference; fileEncoding = 4; lastKnownFileType = sourcecode.swift; path = EditorImageView.swift; sourceTree = "<group>"; };
		5BC39F1820585BCE000E5CAF /* UIColor+.swift */ = {isa = PBXFileReference; fileEncoding = 4; lastKnownFileType = sourcecode.swift; path = "UIColor+.swift"; sourceTree = "<group>"; };
		5BC39F1920585BCE000E5CAF /* UIImage+.swift */ = {isa = PBXFileReference; fileEncoding = 4; lastKnownFileType = sourcecode.swift; path = "UIImage+.swift"; sourceTree = "<group>"; };
		5BD25A1A205D609300CD1BAA /* FilterStore.swift */ = {isa = PBXFileReference; fileEncoding = 4; lastKnownFileType = sourcecode.swift; path = FilterStore.swift; sourceTree = "<group>"; };
		5BD25A1C205D627700CD1BAA /* FilterImageCell.swift */ = {isa = PBXFileReference; lastKnownFileType = sourcecode.swift; path = FilterImageCell.swift; sourceTree = "<group>"; };
		5BE9D17B1FAE3A0500481384 /* PhotoAlbum.app */ = {isa = PBXFileReference; explicitFileType = wrapper.application; includeInIndex = 0; path = PhotoAlbum.app; sourceTree = BUILT_PRODUCTS_DIR; };
		5BE9D17E1FAE3A0500481384 /* AppDelegate.swift */ = {isa = PBXFileReference; lastKnownFileType = sourcecode.swift; path = AppDelegate.swift; sourceTree = "<group>"; };
		5BE9D1801FAE3A0500481384 /* ViewController.swift */ = {isa = PBXFileReference; lastKnownFileType = sourcecode.swift; path = ViewController.swift; sourceTree = "<group>"; };
		5BE9D1831FAE3A0500481384 /* Base */ = {isa = PBXFileReference; lastKnownFileType = file.storyboard; name = Base; path = Base.lproj/Main.storyboard; sourceTree = "<group>"; };
		5BE9D1851FAE3A0500481384 /* Assets.xcassets */ = {isa = PBXFileReference; lastKnownFileType = folder.assetcatalog; path = Assets.xcassets; sourceTree = "<group>"; };
		5BE9D1881FAE3A0500481384 /* Base */ = {isa = PBXFileReference; lastKnownFileType = file.storyboard; name = Base; path = Base.lproj/LaunchScreen.storyboard; sourceTree = "<group>"; };
		5BE9D18A1FAE3A0500481384 /* Info.plist */ = {isa = PBXFileReference; lastKnownFileType = text.plist.xml; path = Info.plist; sourceTree = "<group>"; };
		5BE9D1AD1FAE3F9300481384 /* HomeVC.swift */ = {isa = PBXFileReference; lastKnownFileType = sourcecode.swift; path = HomeVC.swift; sourceTree = "<group>"; };
		5BF531C01FC45D470012960E /* GalleryVC.swift */ = {isa = PBXFileReference; lastKnownFileType = sourcecode.swift; path = GalleryVC.swift; sourceTree = "<group>"; };
		5BF531C21FC45F040012960E /* GalleryCell.swift */ = {isa = PBXFileReference; lastKnownFileType = sourcecode.swift; path = GalleryCell.swift; sourceTree = "<group>"; };
		7DB0E5BF2879750256AA7F75 /* Pods-PhotoAlbum.debug.xcconfig */ = {isa = PBXFileReference; includeInIndex = 1; lastKnownFileType = text.xcconfig; name = "Pods-PhotoAlbum.debug.xcconfig"; path = "Pods/Target Support Files/Pods-PhotoAlbum/Pods-PhotoAlbum.debug.xcconfig"; sourceTree = "<group>"; };
		E0C019714C54638A7C0AD219 /* Pods-PhotoAlbum.release.xcconfig */ = {isa = PBXFileReference; includeInIndex = 1; lastKnownFileType = text.xcconfig; name = "Pods-PhotoAlbum.release.xcconfig"; path = "Pods/Target Support Files/Pods-PhotoAlbum/Pods-PhotoAlbum.release.xcconfig"; sourceTree = "<group>"; };
/* End PBXFileReference section */

/* Begin PBXFrameworksBuildPhase section */
		5BE9D1781FAE3A0500481384 /* Frameworks */ = {
			isa = PBXFrameworksBuildPhase;
			buildActionMask = 2147483647;
			files = (
				5B4140531FE6D2A0008DDB67 /* libc++.tbd in Frameworks */,
				5B41404F1FE6C984008DDB67 /* libz.tbd in Frameworks */,
				5B4140551FE6D2B2008DDB67 /* libsqlite3.tbd in Frameworks */,
				5B4140511FE6CD45008DDB67 /* libz.1.2.5.tbd in Frameworks */,
				9FED874050E09E0A9DE1D5EB /* Pods_PhotoAlbum.framework in Frameworks */,
			);
			runOnlyForDeploymentPostprocessing = 0;
		};
/* End PBXFrameworksBuildPhase section */

/* Begin PBXGroup section */
		5B0A73F61FD2E282001B3CC2 /* Settings */ = {
			isa = PBXGroup;
			children = (
				5B0A73F71FD2E2B2001B3CC2 /* Settings.swift */,
			);
			path = Settings;
			sourceTree = "<group>";
		};
		5B0A73F91FD30F74001B3CC2 /* Home */ = {
			isa = PBXGroup;
			children = (
				5BE9D1AD1FAE3F9300481384 /* HomeVC.swift */,
				5B0A73FA1FD312BF001B3CC2 /* PhotoAlbumCell.swift */,
				5B91F0BE20A37D640013A36C /* AlbumCell.swift */,
				5B91F0C020A37D8B0013A36C /* SharedAlbumCell.swift */,
				5B91F0C220A381A00013A36C /* MyAlbumCell.swift */,
				5B91F0C420A38BB10013A36C /* NewAlbumCell.swift */,
				5BB4440D20AB7E0E003036EC /* NotificationCell.swift */,
				5B68602220ACBD8B00BB9003 /* UserProfileCell.swift */,
			);
			path = Home;
			sourceTree = "<group>";
		};
		5B0BDF091FCDEA340092500C /* Skins */ = {
			isa = PBXGroup;
			children = (
				5B8AA11520B4B0B6009DC6CF /* photo_mask.png */,
				5B8AA0DE20B4A248009DC6CF /* back.png */,
				5B8AA0EB20B4A249009DC6CF /* bg.jpg */,
				5B8AA0DA20B4A248009DC6CF /* delete.png */,
				5B8AA0DF20B4A248009DC6CF /* done.png */,
				5B8AA0F120B4A24A009DC6CF /* footer_shadow.png */,
				5B8AA0DB20B4A248009DC6CF /* footer.jpg */,
				5B8AA0D820B4A247009DC6CF /* header.png */,
				5B8AA0DD20B4A248009DC6CF /* log_out.png */,
				5B8AA0F220B4A24A009DC6CF /* mail_icon.png */,
				5B8AA0E620B4A249009DC6CF /* notification_active.png */,
				5B8AA0E020B4A248009DC6CF /* notification_inactive.png */,
				5B8AA0F420B4A24B009DC6CF /* password.png */,
				5B8AA0DC20B4A248009DC6CF /* profie_active.png */,
				5B8AA0EE20B4A24A009DC6CF /* profie_icon.png */,
				5B8AA0E720B4A249009DC6CF /* profie_inactive.png */,
				5B8AA0E320B4A248009DC6CF /* profile_image_bg.png */,
				5B8AA0F320B4A24A009DC6CF /* profile_image_frame.png */,
				5B8AA0E820B4A249009DC6CF /* profile_image_mask.png */,
				5B8AA0E920B4A249009DC6CF /* search_results.png */,
				5B8AA0E120B4A248009DC6CF /* search_text_holder.png */,
				5B8AA0E220B4A248009DC6CF /* sign_in_btn.png */,
				5B8AA0ED20B4A24A009DC6CF /* text_holder_selected.png */,
				5B8AA0E520B4A249009DC6CF /* text_holder_unselected.png */,
				5B8AA0EF20B4A24A009DC6CF /* text_holder.png */,
				5B8AA0EA20B4A249009DC6CF /* upload_icon.png */,
				5B8AA0D920B4A248009DC6CF /* upload_photos_disabled.png */,
				5B8AA0E420B4A249009DC6CF /* upload_photos.png */,
				5B8AA0F020B4A24A009DC6CF /* username_icon.png */,
				5B54C2C01FD4573C0003F3CD /* empty_image.png */,
				5B0BDF131FCDEC9E0092500C /* close_btn.png */,
				5B0BDF141FCDEC9E0092500C /* invite_btn.png */,
				5B0BDF0A1FCDEA5C0092500C /* logo.png */,
			);
			name = Skins;
			sourceTree = "<group>";
		};
		5B41404D1FE6C775008DDB67 /* Frameworks */ = {
			isa = PBXGroup;
			children = (
				5B4140541FE6D2B2008DDB67 /* libsqlite3.tbd */,
				5B4140521FE6D29F008DDB67 /* libc++.tbd */,
				5B4140501FE6CD45008DDB67 /* libz.1.2.5.tbd */,
				5B41404E1FE6C775008DDB67 /* libz.tbd */,
				1C7155B556C96A22C5514506 /* Pods_PhotoAlbum.framework */,
			);
			name = Frameworks;
			sourceTree = "<group>";
		};
		5B506B991FCB2702005A09CD /* Login */ = {
			isa = PBXGroup;
			children = (
				5B506B9A1FCB2754005A09CD /* LoginVC.swift */,
			);
			path = Login;
			sourceTree = "<group>";
		};
		5B506B9C1FCB2DAF005A09CD /* ObjectModels */ = {
			isa = PBXGroup;
			children = (
				5BC39F1520585B78000E5CAF /* ViewComponents */,
				5BB1627A20307F3500C804FD /* Firebase */,
				5B506B9D1FCB2DE7005A09CD /* User.swift */,
				5B8C775A20A705480084DD0D /* UserData.swift */,
				5BB4440B20AB6FCE003036EC /* NotificationData.swift */,
				5B54C2BC1FD44DF40003F3CD /* PhotoAlbum.swift */,
				5B54C2BE1FD44E6F0003F3CD /* Photo.swift */,
				5BABDA02204AFA6100654E5F /* FirebaseUser.swift */,
				5B91F0C820A39CA50013A36C /* MyPhotoAlbum.swift */,
				5B91F0CA20A39CC10013A36C /* SharedPhotoAlbum.swift */,
			);
			path = ObjectModels;
			sourceTree = "<group>";
		};
		5B54C2C21FD4777E0003F3CD /* Album */ = {
			isa = PBXGroup;
			children = (
				5B54C2C31FD477AA0003F3CD /* AlbumVC.swift */,
				5B54C2C51FD4A28A0003F3CD /* PhotoCell.swift */,
			);
			path = Album;
			sourceTree = "<group>";
		};
		5B70F06C2078E5060028F1AB /* NVActivityIndicatorView */ = {
			isa = PBXGroup;
			children = (
				5B70F06D2078E5060028F1AB /* NVActivityIndicatorAnimationDelegate.swift */,
				5B70F06E2078E5060028F1AB /* Presenter */,
				5B70F0712078E5060028F1AB /* NVActivityIndicatorShape.swift */,
				5B70F0722078E5060028F1AB /* NVActivityIndicatorView.swift */,
				5B70F0732078E5060028F1AB /* Supporting Files */,
				5B70F0762078E5060028F1AB /* Animations */,
			);
			path = NVActivityIndicatorView;
			sourceTree = "<group>";
		};
		5B70F06E2078E5060028F1AB /* Presenter */ = {
			isa = PBXGroup;
			children = (
				5B70F06F2078E5060028F1AB /* NVActivityIndicatorPresenter.swift */,
				5B70F0702078E5060028F1AB /* NVActivityIndicatorViewable.swift */,
			);
			path = Presenter;
			sourceTree = "<group>";
		};
		5B70F0732078E5060028F1AB /* Supporting Files */ = {
			isa = PBXGroup;
			children = (
				5B70F0742078E5060028F1AB /* NVActivityIndicatorView.h */,
			);
			path = "Supporting Files";
			sourceTree = "<group>";
		};
		5B70F0762078E5060028F1AB /* Animations */ = {
			isa = PBXGroup;
			children = (
				5B70F0772078E5060028F1AB /* NVActivityIndicatorAnimationBallRotate.swift */,
				5B70F0782078E5060028F1AB /* NVActivityIndicatorAnimationBallGridPulse.swift */,
				5B70F0792078E5060028F1AB /* NVActivityIndicatorAnimationBallClipRotate.swift */,
				5B70F07A2078E5060028F1AB /* NVActivityIndicatorAnimationBallClipRotateMultiple.swift */,
				5B70F07B2078E5060028F1AB /* NVActivityIndicatorAnimationBallTrianglePath.swift */,
				5B70F07C2078E5060028F1AB /* NVActivityIndicatorAnimationLineScalePulseOut.swift */,
				5B70F07D2078E5060028F1AB /* NVActivityIndicatorAnimationLineSpinFadeLoader.swift */,
				5B70F07E2078E5060028F1AB /* NVActivityIndicatorAnimationBallZigZagDeflect.swift */,
				5B70F07F2078E5060028F1AB /* NVActivityIndicatorAnimationBallScale.swift */,
				5B70F0802078E5060028F1AB /* NVActivityIndicatorAnimationBallZigZag.swift */,
				5B70F0812078E5060028F1AB /* NVActivityIndicatorAnimationBallBeat.swift */,
				5B70F0822078E5060028F1AB /* NVActivityIndicatorAnimationSemiCircleSpin.swift */,
				5B70F0832078E5060028F1AB /* NVActivityIndicatorAnimationBallScaleRipple.swift */,
				5B70F0842078E5060028F1AB /* NVActivityIndicatorAnimationBallClipRotatePulse.swift */,
				5B70F0852078E5060028F1AB /* NVActivityIndicatorAnimationSquareSpin.swift */,
				5B70F0862078E5060028F1AB /* NVActivityIndicatorAnimationBallRotateChase.swift */,
				5B70F0872078E5060028F1AB /* NVActivityIndicatorAnimationBallPulse.swift */,
				5B70F0882078E5060028F1AB /* NVActivityIndicatorAnimationBlank.swift */,
				5B70F0892078E5060028F1AB /* NVActivityIndicatorAnimationCircleStrokeSpin.swift */,
				5B70F08A2078E5060028F1AB /* NVActivityIndicatorAnimationAudioEqualizer.swift */,
				5B70F08B2078E5060028F1AB /* NVActivityIndicatorAnimationTriangleSkewSpin.swift */,
				5B70F08C2078E5060028F1AB /* NVActivityIndicatorAnimationBallGridBeat.swift */,
				5B70F08D2078E5060028F1AB /* NVActivityIndicatorAnimationBallScaleMultiple.swift */,
				5B70F08E2078E5060028F1AB /* NVActivityIndicatorAnimationLineScale.swift */,
				5B70F08F2078E5060028F1AB /* NVActivityIndicatorAnimationBallScaleRippleMultiple.swift */,
				5B70F0902078E5060028F1AB /* NVActivityIndicatorAnimationPacman.swift */,
				5B70F0912078E5060028F1AB /* NVActivityIndicatorAnimationBallPulseSync.swift */,
				5B70F0922078E5060028F1AB /* NVActivityIndicatorAnimationCubeTransition.swift */,
				5B70F0932078E5060028F1AB /* NVActivityIndicatorAnimationBallSpinFadeLoader.swift */,
				5B70F0942078E5060028F1AB /* NVActivityIndicatorAnimationLineScaleParty.swift */,
				5B70F0952078E5060028F1AB /* NVActivityIndicatorAnimationLineScalePulseOutRapid.swift */,
				5B70F0962078E5060028F1AB /* NVActivityIndicatorAnimationBallPulseRise.swift */,
				5B70F0972078E5060028F1AB /* NVActivityIndicatorAnimationOrbit.swift */,
			);
			path = Animations;
			sourceTree = "<group>";
		};
		5B7B39FA205D6EBD00F178CF /* Filters */ = {
			isa = PBXGroup;
			children = (
				5B7B3A03205D6F0800F178CF /* YUCIFilterConstructor.h */,
				5B7B3A02205D6F0700F178CF /* YUCIFilterConstructor.m */,
				5B7B39FB205D6EBD00F178CF /* YUCIRGBToneCurve.h */,
				5B7B39FC205D6EBD00F178CF /* YUCIRGBToHSL.cikernel */,
				5B7B39FD205D6EBD00F178CF /* YUCIRGBToneCurve.cikernel */,
				5B7B39FE205D6EBD00F178CF /* YUCIRGBToneCurve.m */,
			);
			path = Filters;
			sourceTree = "<group>";
		};
		5BA2799A2077F341002654CC /* Extensions */ = {
			isa = PBXGroup;
			children = (
				5BA2799B2077F37C002654CC /* String+.swift */,
				5B647E1220780A8800584039 /* CALayer+.swift */,
				5BC39F1820585BCE000E5CAF /* UIColor+.swift */,
				5BC39F1920585BCE000E5CAF /* UIImage+.swift */,
			);
			path = Extensions;
			sourceTree = "<group>";
		};
		5BABD9FF204AF2EF00654E5F /* AddUsers */ = {
			isa = PBXGroup;
			children = (
				5BABDA00204AF31800654E5F /* SearchUsersVC.swift */,
				5BABDA04204AFB7300654E5F /* FirebaseUserCell.swift */,
			);
			path = AddUsers;
			sourceTree = "<group>";
		};
		5BB1627A20307F3500C804FD /* Firebase */ = {
			isa = PBXGroup;
			children = (
				5BB1627B20307F5D00C804FD /* FirebaseDatabaseController.swift */,
				5B46292A203093AA001C6CBC /* FirebaseListener.swift */,
				5BB0157C203F70FE00FA89D7 /* FirebaseStorageController.swift */,
			);
			path = Firebase;
			sourceTree = "<group>";
		};
		5BC39F12205850D4000E5CAF /* PhotoEditor */ = {
			isa = PBXGroup;
			children = (
				5BC39F1320585117000E5CAF /* PhotoEditVC.swift */,
				5BD25A1C205D627700CD1BAA /* FilterImageCell.swift */,
			);
			path = PhotoEditor;
			sourceTree = "<group>";
		};
		5BC39F1520585B78000E5CAF /* ViewComponents */ = {
			isa = PBXGroup;
			children = (
				5BD25A1A205D609300CD1BAA /* FilterStore.swift */,
				5BC39F1620585B8F000E5CAF /* EditorImageView.swift */,
			);
			path = ViewComponents;
			sourceTree = "<group>";
		};
		5BE9D1721FAE3A0500481384 = {
			isa = PBXGroup;
			children = (
				5BE9D17D1FAE3A0500481384 /* PhotoAlbum */,
				5BE9D17C1FAE3A0500481384 /* Products */,
				5B41404D1FE6C775008DDB67 /* Frameworks */,
				C2C4C8740D6AB70E8D5C4C91 /* Pods */,
			);
			sourceTree = "<group>";
		};
		5BE9D17C1FAE3A0500481384 /* Products */ = {
			isa = PBXGroup;
			children = (
				5BE9D17B1FAE3A0500481384 /* PhotoAlbum.app */,
			);
			name = Products;
			sourceTree = "<group>";
		};
		5BE9D17D1FAE3A0500481384 /* PhotoAlbum */ = {
			isa = PBXGroup;
			children = (
				5B0A73F61FD2E282001B3CC2 /* Settings */,
				5B0BDF091FCDEA340092500C /* Skins */,
				5B7B39FA205D6EBD00F178CF /* Filters */,
				5B70F06C2078E5060028F1AB /* NVActivityIndicatorView */,
				5BA2799A2077F341002654CC /* Extensions */,
				5B506B9C1FCB2DAF005A09CD /* ObjectModels */,
				5BE9D1AC1FAE3F7700481384 /* Screens */,
				5BE9D17E1FAE3A0500481384 /* AppDelegate.swift */,
				5BE9D1801FAE3A0500481384 /* ViewController.swift */,
				5BE9D1821FAE3A0500481384 /* Main.storyboard */,
				5BE9D1851FAE3A0500481384 /* Assets.xcassets */,
				5BE9D1871FAE3A0500481384 /* LaunchScreen.storyboard */,
				5B0D98251FE6937000E567EF /* GoogleService-Info.plist */,
				5BE9D18A1FAE3A0500481384 /* Info.plist */,
			);
			path = PhotoAlbum;
			sourceTree = "<group>";
		};
		5BE9D1AC1FAE3F7700481384 /* Screens */ = {
			isa = PBXGroup;
			children = (
				5BC39F12205850D4000E5CAF /* PhotoEditor */,
				5BABD9FF204AF2EF00654E5F /* AddUsers */,
				5B506B991FCB2702005A09CD /* Login */,
				5B0A73F91FD30F74001B3CC2 /* Home */,
				5B54C2C21FD4777E0003F3CD /* Album */,
				5BF531BF1FC45D200012960E /* Gallery */,
			);
			path = Screens;
			sourceTree = "<group>";
		};
		5BF531BF1FC45D200012960E /* Gallery */ = {
			isa = PBXGroup;
			children = (
				5BF531C01FC45D470012960E /* GalleryVC.swift */,
				5BF531C21FC45F040012960E /* GalleryCell.swift */,
			);
			path = Gallery;
			sourceTree = "<group>";
		};
		C2C4C8740D6AB70E8D5C4C91 /* Pods */ = {
			isa = PBXGroup;
			children = (
				7DB0E5BF2879750256AA7F75 /* Pods-PhotoAlbum.debug.xcconfig */,
				E0C019714C54638A7C0AD219 /* Pods-PhotoAlbum.release.xcconfig */,
			);
			name = Pods;
			sourceTree = "<group>";
		};
/* End PBXGroup section */

/* Begin PBXNativeTarget section */
		5BE9D17A1FAE3A0500481384 /* PhotoAlbum */ = {
			isa = PBXNativeTarget;
			buildConfigurationList = 5BE9D1A31FAE3A0600481384 /* Build configuration list for PBXNativeTarget "PhotoAlbum" */;
			buildPhases = (
				4246341C33A5D780FE5C943F /* [CP] Check Pods Manifest.lock */,
				5BE9D1771FAE3A0500481384 /* Sources */,
				5BE9D1781FAE3A0500481384 /* Frameworks */,
				5BE9D1791FAE3A0500481384 /* Resources */,
				E1AEDCDBA242B2A2F2D15B28 /* [CP] Embed Pods Frameworks */,
				FD7444B1BEDD8B46FDC35C80 /* [CP] Copy Pods Resources */,
			);
			buildRules = (
			);
			dependencies = (
			);
			name = PhotoAlbum;
			productName = PhotoAlbum;
			productReference = 5BE9D17B1FAE3A0500481384 /* PhotoAlbum.app */;
			productType = "com.apple.product-type.application";
		};
/* End PBXNativeTarget section */

/* Begin PBXProject section */
		5BE9D1731FAE3A0500481384 /* Project object */ = {
			isa = PBXProject;
			attributes = {
				LastSwiftUpdateCheck = 0900;
				LastUpgradeCheck = 0910;
				ORGANIZATIONNAME = "Ilija Antonijevic";
				TargetAttributes = {
					5BE9D17A1FAE3A0500481384 = {
						CreatedOnToolsVersion = 9.0.1;
						ProvisioningStyle = Automatic;
						SystemCapabilities = {
							com.apple.BackgroundModes = {
								enabled = 1;
							};
						};
					};
				};
			};
			buildConfigurationList = 5BE9D1761FAE3A0500481384 /* Build configuration list for PBXProject "PhotoAlbum" */;
			compatibilityVersion = "Xcode 8.0";
			developmentRegion = en;
			hasScannedForEncodings = 0;
			knownRegions = (
				en,
				Base,
			);
			mainGroup = 5BE9D1721FAE3A0500481384;
			productRefGroup = 5BE9D17C1FAE3A0500481384 /* Products */;
			projectDirPath = "";
			projectRoot = "";
			targets = (
				5BE9D17A1FAE3A0500481384 /* PhotoAlbum */,
			);
		};
/* End PBXProject section */

/* Begin PBXResourcesBuildPhase section */
		5BE9D1791FAE3A0500481384 /* Resources */ = {
			isa = PBXResourcesBuildPhase;
			buildActionMask = 2147483647;
			files = (
				5B8AA10E20B4A24B009DC6CF /* footer_shadow.png in Resources */,
				5B0BDF211FCDEC9F0092500C /* invite_btn.png in Resources */,
				5B8AA0F620B4A24B009DC6CF /* upload_photos_disabled.png in Resources */,
				5B8AA10120B4A24B009DC6CF /* upload_photos.png in Resources */,
				5B8AA10520B4A24B009DC6CF /* profile_image_mask.png in Resources */,
				5B8AA0FB20B4A24B009DC6CF /* back.png in Resources */,
				5B8AA11120B4A24B009DC6CF /* password.png in Resources */,
				5B0BDF0B1FCDEA5C0092500C /* logo.png in Resources */,
				5B8AA10320B4A24B009DC6CF /* notification_active.png in Resources */,
				5B8AA0F920B4A24B009DC6CF /* profie_active.png in Resources */,
				5B8AA10620B4A24B009DC6CF /* search_results.png in Resources */,
				5B0BDF201FCDEC9F0092500C /* close_btn.png in Resources */,
				5B8AA10820B4A24B009DC6CF /* bg.jpg in Resources */,
				5B8AA0F820B4A24B009DC6CF /* footer.jpg in Resources */,
				5B8AA0FD20B4A24B009DC6CF /* notification_inactive.png in Resources */,
				5B7B39FF205D6EBD00F178CF /* YUCIRGBToHSL.cikernel in Resources */,
				5B8AA10220B4A24B009DC6CF /* text_holder_unselected.png in Resources */,
				5B8AA0FA20B4A24B009DC6CF /* log_out.png in Resources */,
				5B8AA10F20B4A24B009DC6CF /* mail_icon.png in Resources */,
				5B8AA10720B4A24B009DC6CF /* upload_icon.png in Resources */,
				5B8AA10420B4A24B009DC6CF /* profie_inactive.png in Resources */,
				5BE9D1891FAE3A0500481384 /* LaunchScreen.storyboard in Resources */,
				5B8AA10D20B4A24B009DC6CF /* username_icon.png in Resources */,
				5B8AA0F720B4A24B009DC6CF /* delete.png in Resources */,
				5B8AA10A20B4A24B009DC6CF /* text_holder_selected.png in Resources */,
				5B8AA11020B4A24B009DC6CF /* profile_image_frame.png in Resources */,
				5B8AA10C20B4A24B009DC6CF /* text_holder.png in Resources */,
				5B8AA11620B4B0B7009DC6CF /* photo_mask.png in Resources */,
				5B8AA0FC20B4A24B009DC6CF /* done.png in Resources */,
				5B8AA10B20B4A24B009DC6CF /* profie_icon.png in Resources */,
				5B0D98261FE6937000E567EF /* GoogleService-Info.plist in Resources */,
				5B8AA0FF20B4A24B009DC6CF /* sign_in_btn.png in Resources */,
				5B8AA0F520B4A24B009DC6CF /* header.png in Resources */,
				5B54C2C11FD4573C0003F3CD /* empty_image.png in Resources */,
				5B8AA0FE20B4A24B009DC6CF /* search_text_holder.png in Resources */,
				5BE9D1861FAE3A0500481384 /* Assets.xcassets in Resources */,
				5B7B3A00205D6EBD00F178CF /* YUCIRGBToneCurve.cikernel in Resources */,
				5B8AA10020B4A24B009DC6CF /* profile_image_bg.png in Resources */,
				5BE9D1841FAE3A0500481384 /* Main.storyboard in Resources */,
			);
			runOnlyForDeploymentPostprocessing = 0;
		};
/* End PBXResourcesBuildPhase section */

/* Begin PBXShellScriptBuildPhase section */
		4246341C33A5D780FE5C943F /* [CP] Check Pods Manifest.lock */ = {
			isa = PBXShellScriptBuildPhase;
			buildActionMask = 2147483647;
			files = (
			);
			inputPaths = (
				"${PODS_PODFILE_DIR_PATH}/Podfile.lock",
				"${PODS_ROOT}/Manifest.lock",
			);
			name = "[CP] Check Pods Manifest.lock";
			outputPaths = (
				"$(DERIVED_FILE_DIR)/Pods-PhotoAlbum-checkManifestLockResult.txt",
			);
			runOnlyForDeploymentPostprocessing = 0;
			shellPath = /bin/sh;
			shellScript = "diff \"${PODS_PODFILE_DIR_PATH}/Podfile.lock\" \"${PODS_ROOT}/Manifest.lock\" > /dev/null\nif [ $? != 0 ] ; then\n    # print error to STDERR\n    echo \"error: The sandbox is not in sync with the Podfile.lock. Run 'pod install' or update your CocoaPods installation.\" >&2\n    exit 1\nfi\n# This output is used by Xcode 'outputs' to avoid re-running this script phase.\necho \"SUCCESS\" > \"${SCRIPT_OUTPUT_FILE_0}\"\n";
			showEnvVarsInLog = 0;
		};
		E1AEDCDBA242B2A2F2D15B28 /* [CP] Embed Pods Frameworks */ = {
			isa = PBXShellScriptBuildPhase;
			buildActionMask = 2147483647;
			files = (
			);
			inputPaths = (
				"${SRCROOT}/Pods/Target Support Files/Pods-PhotoAlbum/Pods-PhotoAlbum-frameworks.sh",
				"${BUILT_PRODUCTS_DIR}/GTMSessionFetcher/GTMSessionFetcher.framework",
				"${BUILT_PRODUCTS_DIR}/GoogleToolboxForMac/GoogleToolboxForMac.framework",
				"${BUILT_PRODUCTS_DIR}/Protobuf/Protobuf.framework",
				"${BUILT_PRODUCTS_DIR}/leveldb-library/leveldb.framework",
				"${BUILT_PRODUCTS_DIR}/nanopb/nanopb.framework",
			);
			name = "[CP] Embed Pods Frameworks";
			outputPaths = (
				"${TARGET_BUILD_DIR}/${FRAMEWORKS_FOLDER_PATH}/GTMSessionFetcher.framework",
				"${TARGET_BUILD_DIR}/${FRAMEWORKS_FOLDER_PATH}/GoogleToolboxForMac.framework",
				"${TARGET_BUILD_DIR}/${FRAMEWORKS_FOLDER_PATH}/Protobuf.framework",
				"${TARGET_BUILD_DIR}/${FRAMEWORKS_FOLDER_PATH}/leveldb.framework",
				"${TARGET_BUILD_DIR}/${FRAMEWORKS_FOLDER_PATH}/nanopb.framework",
			);
			runOnlyForDeploymentPostprocessing = 0;
			shellPath = /bin/sh;
			shellScript = "\"${SRCROOT}/Pods/Target Support Files/Pods-PhotoAlbum/Pods-PhotoAlbum-frameworks.sh\"\n";
			showEnvVarsInLog = 0;
		};
		FD7444B1BEDD8B46FDC35C80 /* [CP] Copy Pods Resources */ = {
			isa = PBXShellScriptBuildPhase;
			buildActionMask = 2147483647;
			files = (
			);
			inputPaths = (
			);
			name = "[CP] Copy Pods Resources";
			outputPaths = (
			);
			runOnlyForDeploymentPostprocessing = 0;
			shellPath = /bin/sh;
			shellScript = "\"${SRCROOT}/Pods/Target Support Files/Pods-PhotoAlbum/Pods-PhotoAlbum-resources.sh\"\n";
			showEnvVarsInLog = 0;
		};
/* End PBXShellScriptBuildPhase section */

/* Begin PBXSourcesBuildPhase section */
		5BE9D1771FAE3A0500481384 /* Sources */ = {
			isa = PBXSourcesBuildPhase;
			buildActionMask = 2147483647;
			files = (
				5BE9D1AE1FAE3F9300481384 /* HomeVC.swift in Sources */,
				5BC39F1420585117000E5CAF /* PhotoEditVC.swift in Sources */,
				5BD25A1D205D627700CD1BAA /* FilterImageCell.swift in Sources */,
				5B91F0CB20A39CC10013A36C /* SharedPhotoAlbum.swift in Sources */,
				5B70F0A62078E5060028F1AB /* NVActivityIndicatorAnimationBallScale.swift in Sources */,
				5B70F0B22078E5060028F1AB /* NVActivityIndicatorAnimationTriangleSkewSpin.swift in Sources */,
				5BF531C31FC45F040012960E /* GalleryCell.swift in Sources */,
				5B0A73F81FD2E2B2001B3CC2 /* Settings.swift in Sources */,
				5B647E1320780A8800584039 /* CALayer+.swift in Sources */,
				5B506B9B1FCB2754005A09CD /* LoginVC.swift in Sources */,
				5B70F0AE2078E5060028F1AB /* NVActivityIndicatorAnimationBallPulse.swift in Sources */,
				5BC39F1B20585BCE000E5CAF /* UIImage+.swift in Sources */,
				5B70F0A52078E5060028F1AB /* NVActivityIndicatorAnimationBallZigZagDeflect.swift in Sources */,
				5B70F0B82078E5060028F1AB /* NVActivityIndicatorAnimationBallPulseSync.swift in Sources */,
				5BA2799C2077F37C002654CC /* String+.swift in Sources */,
				5BB0157D203F70FE00FA89D7 /* FirebaseStorageController.swift in Sources */,
				5B70F0BC2078E5060028F1AB /* NVActivityIndicatorAnimationLineScalePulseOutRapid.swift in Sources */,
				5BE9D1811FAE3A0500481384 /* ViewController.swift in Sources */,
				5B70F09A2078E5060028F1AB /* NVActivityIndicatorViewable.swift in Sources */,
				5BE9D17F1FAE3A0500481384 /* AppDelegate.swift in Sources */,
				5B70F0A12078E5060028F1AB /* NVActivityIndicatorAnimationBallClipRotateMultiple.swift in Sources */,
				5B91F0C520A38BB10013A36C /* NewAlbumCell.swift in Sources */,
				5BABDA05204AFB7300654E5F /* FirebaseUserCell.swift in Sources */,
				5B54C2C61FD4A28A0003F3CD /* PhotoCell.swift in Sources */,
				5B70F0B92078E5060028F1AB /* NVActivityIndicatorAnimationCubeTransition.swift in Sources */,
				5B70F0BE2078E5060028F1AB /* NVActivityIndicatorAnimationOrbit.swift in Sources */,
				5B54C2C41FD477AA0003F3CD /* AlbumVC.swift in Sources */,
				5B70F0AF2078E5060028F1AB /* NVActivityIndicatorAnimationBlank.swift in Sources */,
				5BB1627C20307F5D00C804FD /* FirebaseDatabaseController.swift in Sources */,
				5B70F09C2078E5060028F1AB /* NVActivityIndicatorView.swift in Sources */,
				5B70F0B52078E5060028F1AB /* NVActivityIndicatorAnimationLineScale.swift in Sources */,
				5B91F0C920A39CA50013A36C /* MyPhotoAlbum.swift in Sources */,
				5B91F0C320A381A00013A36C /* MyAlbumCell.swift in Sources */,
				5B70F09F2078E5060028F1AB /* NVActivityIndicatorAnimationBallGridPulse.swift in Sources */,
				5B54C2BD1FD44DF40003F3CD /* PhotoAlbum.swift in Sources */,
				5B70F0A02078E5060028F1AB /* NVActivityIndicatorAnimationBallClipRotate.swift in Sources */,
				5B70F0A72078E5060028F1AB /* NVActivityIndicatorAnimationBallZigZag.swift in Sources */,
				5B70F0A92078E5060028F1AB /* NVActivityIndicatorAnimationSemiCircleSpin.swift in Sources */,
				5B7B3A01205D6EBD00F178CF /* YUCIRGBToneCurve.m in Sources */,
				5BC39F1720585B8F000E5CAF /* EditorImageView.swift in Sources */,
				5BD25A1B205D609300CD1BAA /* FilterStore.swift in Sources */,
				5B70F09B2078E5060028F1AB /* NVActivityIndicatorShape.swift in Sources */,
				5B70F0B62078E5060028F1AB /* NVActivityIndicatorAnimationBallScaleRippleMultiple.swift in Sources */,
				5B70F0992078E5060028F1AB /* NVActivityIndicatorPresenter.swift in Sources */,
				5B8C775B20A705480084DD0D /* UserData.swift in Sources */,
				5B46292B203093AA001C6CBC /* FirebaseListener.swift in Sources */,
				5BC39F1A20585BCE000E5CAF /* UIColor+.swift in Sources */,
				5B70F0982078E5060028F1AB /* NVActivityIndicatorAnimationDelegate.swift in Sources */,
				5B54C2BF1FD44E6F0003F3CD /* Photo.swift in Sources */,
				5BF531C11FC45D470012960E /* GalleryVC.swift in Sources */,
				5B70F0B72078E5060028F1AB /* NVActivityIndicatorAnimationPacman.swift in Sources */,
				5B70F0A22078E5060028F1AB /* NVActivityIndicatorAnimationBallTrianglePath.swift in Sources */,
				5BABDA01204AF31800654E5F /* SearchUsersVC.swift in Sources */,
				5B70F09E2078E5060028F1AB /* NVActivityIndicatorAnimationBallRotate.swift in Sources */,
				5B70F0B12078E5060028F1AB /* NVActivityIndicatorAnimationAudioEqualizer.swift in Sources */,
				5B70F0A42078E5060028F1AB /* NVActivityIndicatorAnimationLineSpinFadeLoader.swift in Sources */,
				5B70F0B32078E5060028F1AB /* NVActivityIndicatorAnimationBallGridBeat.swift in Sources */,
				5B70F0A82078E5060028F1AB /* NVActivityIndicatorAnimationBallBeat.swift in Sources */,
				5B68602320ACBD8B00BB9003 /* UserProfileCell.swift in Sources */,
				5BB4440C20AB6FCE003036EC /* NotificationData.swift in Sources */,
				5B70F0AB2078E5060028F1AB /* NVActivityIndicatorAnimationBallClipRotatePulse.swift in Sources */,
				5B70F0AD2078E5060028F1AB /* NVActivityIndicatorAnimationBallRotateChase.swift in Sources */,
				5B91F0BF20A37D640013A36C /* AlbumCell.swift in Sources */,
				5B506B9E1FCB2DE7005A09CD /* User.swift in Sources */,
				5B70F0B42078E5060028F1AB /* NVActivityIndicatorAnimationBallScaleMultiple.swift in Sources */,
				5BB4440E20AB7E0E003036EC /* NotificationCell.swift in Sources */,
				5B0A73FB1FD312BF001B3CC2 /* PhotoAlbumCell.swift in Sources */,
				5B70F0A32078E5060028F1AB /* NVActivityIndicatorAnimationLineScalePulseOut.swift in Sources */,
				5B70F0BB2078E5060028F1AB /* NVActivityIndicatorAnimationLineScaleParty.swift in Sources */,
				5B7B3A04205D6F0800F178CF /* YUCIFilterConstructor.m in Sources */,
				5B70F0BA2078E5060028F1AB /* NVActivityIndicatorAnimationBallSpinFadeLoader.swift in Sources */,
				5B70F0B02078E5060028F1AB /* NVActivityIndicatorAnimationCircleStrokeSpin.swift in Sources */,
				5B70F0AA2078E5060028F1AB /* NVActivityIndicatorAnimationBallScaleRipple.swift in Sources */,
				5B70F0AC2078E5060028F1AB /* NVActivityIndicatorAnimationSquareSpin.swift in Sources */,
				5B91F0C120A37D8B0013A36C /* SharedAlbumCell.swift in Sources */,
				5BABDA03204AFA6100654E5F /* FirebaseUser.swift in Sources */,
				5B70F0BD2078E5060028F1AB /* NVActivityIndicatorAnimationBallPulseRise.swift in Sources */,
			);
			runOnlyForDeploymentPostprocessing = 0;
		};
/* End PBXSourcesBuildPhase section */

/* Begin PBXVariantGroup section */
		5BE9D1821FAE3A0500481384 /* Main.storyboard */ = {
			isa = PBXVariantGroup;
			children = (
				5BE9D1831FAE3A0500481384 /* Base */,
			);
			name = Main.storyboard;
			sourceTree = "<group>";
		};
		5BE9D1871FAE3A0500481384 /* LaunchScreen.storyboard */ = {
			isa = PBXVariantGroup;
			children = (
				5BE9D1881FAE3A0500481384 /* Base */,
			);
			name = LaunchScreen.storyboard;
			sourceTree = "<group>";
		};
/* End PBXVariantGroup section */

/* Begin XCBuildConfiguration section */
		5BE9D1A11FAE3A0600481384 /* Debug */ = {
			isa = XCBuildConfiguration;
			buildSettings = {
				ALWAYS_SEARCH_USER_PATHS = NO;
				CLANG_ANALYZER_NONNULL = YES;
				CLANG_ANALYZER_NUMBER_OBJECT_CONVERSION = YES_AGGRESSIVE;
				CLANG_CXX_LANGUAGE_STANDARD = "gnu++14";
				CLANG_CXX_LIBRARY = "libc++";
				CLANG_ENABLE_MODULES = YES;
				CLANG_ENABLE_OBJC_ARC = YES;
				CLANG_WARN_BLOCK_CAPTURE_AUTORELEASING = YES;
				CLANG_WARN_BOOL_CONVERSION = YES;
				CLANG_WARN_COMMA = YES;
				CLANG_WARN_CONSTANT_CONVERSION = YES;
				CLANG_WARN_DIRECT_OBJC_ISA_USAGE = YES_ERROR;
				CLANG_WARN_DOCUMENTATION_COMMENTS = YES;
				CLANG_WARN_EMPTY_BODY = YES;
				CLANG_WARN_ENUM_CONVERSION = YES;
				CLANG_WARN_INFINITE_RECURSION = YES;
				CLANG_WARN_INT_CONVERSION = YES;
				CLANG_WARN_NON_LITERAL_NULL_CONVERSION = YES;
				CLANG_WARN_OBJC_LITERAL_CONVERSION = YES;
				CLANG_WARN_OBJC_ROOT_CLASS = YES_ERROR;
				CLANG_WARN_RANGE_LOOP_ANALYSIS = YES;
				CLANG_WARN_STRICT_PROTOTYPES = YES;
				CLANG_WARN_SUSPICIOUS_MOVE = YES;
				CLANG_WARN_UNGUARDED_AVAILABILITY = YES_AGGRESSIVE;
				CLANG_WARN_UNREACHABLE_CODE = YES;
				CLANG_WARN__DUPLICATE_METHOD_MATCH = YES;
				CODE_SIGN_IDENTITY = "iPhone Developer";
				COPY_PHASE_STRIP = NO;
				DEBUG_INFORMATION_FORMAT = dwarf;
				ENABLE_STRICT_OBJC_MSGSEND = YES;
				ENABLE_TESTABILITY = YES;
				GCC_C_LANGUAGE_STANDARD = gnu11;
				GCC_DYNAMIC_NO_PIC = NO;
				GCC_NO_COMMON_BLOCKS = YES;
				GCC_OPTIMIZATION_LEVEL = 0;
				GCC_PREPROCESSOR_DEFINITIONS = (
					"DEBUG=1",
					"$(inherited)",
				);
				GCC_WARN_64_TO_32_BIT_CONVERSION = YES;
				GCC_WARN_ABOUT_RETURN_TYPE = YES_ERROR;
				GCC_WARN_UNDECLARED_SELECTOR = YES;
				GCC_WARN_UNINITIALIZED_AUTOS = YES_AGGRESSIVE;
				GCC_WARN_UNUSED_FUNCTION = YES;
				GCC_WARN_UNUSED_VARIABLE = YES;
				IPHONEOS_DEPLOYMENT_TARGET = 9.0;
				MTL_ENABLE_DEBUG_INFO = YES;
				ONLY_ACTIVE_ARCH = YES;
				OTHER_LDFLAGS = "$(inherited)";
				SDKROOT = iphoneos;
				SWIFT_ACTIVE_COMPILATION_CONDITIONS = DEBUG;
				SWIFT_OPTIMIZATION_LEVEL = "-Onone";
			};
			name = Debug;
		};
		5BE9D1A21FAE3A0600481384 /* Release */ = {
			isa = XCBuildConfiguration;
			buildSettings = {
				ALWAYS_SEARCH_USER_PATHS = NO;
				CLANG_ANALYZER_NONNULL = YES;
				CLANG_ANALYZER_NUMBER_OBJECT_CONVERSION = YES_AGGRESSIVE;
				CLANG_CXX_LANGUAGE_STANDARD = "gnu++14";
				CLANG_CXX_LIBRARY = "libc++";
				CLANG_ENABLE_MODULES = YES;
				CLANG_ENABLE_OBJC_ARC = YES;
				CLANG_WARN_BLOCK_CAPTURE_AUTORELEASING = YES;
				CLANG_WARN_BOOL_CONVERSION = YES;
				CLANG_WARN_COMMA = YES;
				CLANG_WARN_CONSTANT_CONVERSION = YES;
				CLANG_WARN_DIRECT_OBJC_ISA_USAGE = YES_ERROR;
				CLANG_WARN_DOCUMENTATION_COMMENTS = YES;
				CLANG_WARN_EMPTY_BODY = YES;
				CLANG_WARN_ENUM_CONVERSION = YES;
				CLANG_WARN_INFINITE_RECURSION = YES;
				CLANG_WARN_INT_CONVERSION = YES;
				CLANG_WARN_NON_LITERAL_NULL_CONVERSION = YES;
				CLANG_WARN_OBJC_LITERAL_CONVERSION = YES;
				CLANG_WARN_OBJC_ROOT_CLASS = YES_ERROR;
				CLANG_WARN_RANGE_LOOP_ANALYSIS = YES;
				CLANG_WARN_STRICT_PROTOTYPES = YES;
				CLANG_WARN_SUSPICIOUS_MOVE = YES;
				CLANG_WARN_UNGUARDED_AVAILABILITY = YES_AGGRESSIVE;
				CLANG_WARN_UNREACHABLE_CODE = YES;
				CLANG_WARN__DUPLICATE_METHOD_MATCH = YES;
				CODE_SIGN_IDENTITY = "iPhone Developer";
				COPY_PHASE_STRIP = NO;
				DEBUG_INFORMATION_FORMAT = "dwarf-with-dsym";
				ENABLE_NS_ASSERTIONS = NO;
				ENABLE_STRICT_OBJC_MSGSEND = YES;
				GCC_C_LANGUAGE_STANDARD = gnu11;
				GCC_NO_COMMON_BLOCKS = YES;
				GCC_WARN_64_TO_32_BIT_CONVERSION = YES;
				GCC_WARN_ABOUT_RETURN_TYPE = YES_ERROR;
				GCC_WARN_UNDECLARED_SELECTOR = YES;
				GCC_WARN_UNINITIALIZED_AUTOS = YES_AGGRESSIVE;
				GCC_WARN_UNUSED_FUNCTION = YES;
				GCC_WARN_UNUSED_VARIABLE = YES;
				IPHONEOS_DEPLOYMENT_TARGET = 9.0;
				MTL_ENABLE_DEBUG_INFO = NO;
				ONLY_ACTIVE_ARCH = YES;
				OTHER_LDFLAGS = "$(inherited)";
				SDKROOT = iphoneos;
				SWIFT_OPTIMIZATION_LEVEL = "-Owholemodule";
				VALIDATE_PRODUCT = YES;
			};
			name = Release;
		};
		5BE9D1A41FAE3A0600481384 /* Debug */ = {
			isa = XCBuildConfiguration;
			baseConfigurationReference = 7DB0E5BF2879750256AA7F75 /* Pods-PhotoAlbum.debug.xcconfig */;
			buildSettings = {
				ASSETCATALOG_COMPILER_APPICON_NAME = AppIcon;
				CLANG_CXX_LANGUAGE_STANDARD = "compiler-default";
				CLANG_CXX_LIBRARY = "compiler-default";
				CODE_SIGN_STYLE = Automatic;
				DEVELOPMENT_TEAM = 5EFM4H5FA3;
				FRAMEWORK_SEARCH_PATHS = (
					"$(inherited)",
					"$(PROJECT_DIR)/Pods/FirebaseAnalytics/Frameworks",
					"$(PROJECT_DIR)/Pods/Protobuf",
					"$(PROJECT_DIR)/PhotoAlbum/Firebase",
					"$(PROJECT_DIR)/PhotoAlbum/Firebase/ABTesting",
					"$(PROJECT_DIR)/PhotoAlbum/Firebase/AdMob",
					"$(PROJECT_DIR)/PhotoAlbum/Firebase/Analytics",
					"$(PROJECT_DIR)/PhotoAlbum/Firebase/Auth",
					"$(PROJECT_DIR)/PhotoAlbum/Firebase/Crash",
					"$(PROJECT_DIR)/PhotoAlbum/Firebase/Database",
					"$(PROJECT_DIR)/PhotoAlbum/Firebase/DynamicLinks",
					"$(PROJECT_DIR)/PhotoAlbum/Firebase/Firestore",
					"$(PROJECT_DIR)/PhotoAlbum/Firebase/Invites",
					"$(PROJECT_DIR)/PhotoAlbum/Firebase/Messaging",
					"$(PROJECT_DIR)/PhotoAlbum/Firebase/Performance",
					"$(PROJECT_DIR)/PhotoAlbum/Firebase/RemoteConfig",
					"$(PROJECT_DIR)/PhotoAlbum/Firebase/Storage",
					"$(PROJECT_DIR)/Firebase",
					"$(PROJECT_DIR)/Firebase/ABTesting",
					"$(PROJECT_DIR)/Firebase/Crash",
					"$(PROJECT_DIR)/Firebase/Firestore",
					"$(PROJECT_DIR)/Firebase/Database",
					"$(PROJECT_DIR)/Firebase/RemoteConfig",
					"$(PROJECT_DIR)/Firebase/Performance",
					"$(PROJECT_DIR)/Firebase/Storage",
					"$(PROJECT_DIR)/Firebase/Auth",
					"$(PROJECT_DIR)/Firebase/DynamicLinks",
					"$(PROJECT_DIR)/Firebase/AdMob",
					"$(PROJECT_DIR)/Firebase/Invites",
					"$(PROJECT_DIR)/Firebase/Messaging",
					"$(PROJECT_DIR)/Firebase/Analytics",
				);
				HEADER_SEARCH_PATHS = "";
				INFOPLIST_FILE = PhotoAlbum/Info.plist;
				INFOPLIST_OTHER_PREPROCESSOR_FLAGS = "$(inherited)";
				IPHONEOS_DEPLOYMENT_TARGET = 9.0;
				LD_RUNPATH_SEARCH_PATHS = "$(inherited) @executable_path/Frameworks";
				LIBRARY_SEARCH_PATHS = "$(inherited)";
				OTHER_LDFLAGS = "$(inherited)";
				PRODUCT_BUNDLE_IDENTIFIER = AntraxTeam.PhotoAlbum;
				PRODUCT_NAME = "$(TARGET_NAME)";
				SWIFT_VERSION = 4.0;
				TARGETED_DEVICE_FAMILY = "1,2";
				USER_HEADER_SEARCH_PATHS = "";
			};
			name = Debug;
		};
		5BE9D1A51FAE3A0600481384 /* Release */ = {
			isa = XCBuildConfiguration;
			baseConfigurationReference = E0C019714C54638A7C0AD219 /* Pods-PhotoAlbum.release.xcconfig */;
			buildSettings = {
				ASSETCATALOG_COMPILER_APPICON_NAME = AppIcon;
				CLANG_CXX_LANGUAGE_STANDARD = "compiler-default";
				CLANG_CXX_LIBRARY = "compiler-default";
				CODE_SIGN_STYLE = Automatic;
				DEVELOPMENT_TEAM = 5EFM4H5FA3;
				FRAMEWORK_SEARCH_PATHS = (
					"$(inherited)",
					"$(PROJECT_DIR)/Pods/FirebaseAnalytics/Frameworks",
					"$(PROJECT_DIR)/Pods/Protobuf",
					"$(PROJECT_DIR)/PhotoAlbum/Firebase",
					"$(PROJECT_DIR)/PhotoAlbum/Firebase/ABTesting",
					"$(PROJECT_DIR)/PhotoAlbum/Firebase/AdMob",
					"$(PROJECT_DIR)/PhotoAlbum/Firebase/Analytics",
					"$(PROJECT_DIR)/PhotoAlbum/Firebase/Auth",
					"$(PROJECT_DIR)/PhotoAlbum/Firebase/Crash",
					"$(PROJECT_DIR)/PhotoAlbum/Firebase/Database",
					"$(PROJECT_DIR)/PhotoAlbum/Firebase/DynamicLinks",
					"$(PROJECT_DIR)/PhotoAlbum/Firebase/Firestore",
					"$(PROJECT_DIR)/PhotoAlbum/Firebase/Invites",
					"$(PROJECT_DIR)/PhotoAlbum/Firebase/Messaging",
					"$(PROJECT_DIR)/PhotoAlbum/Firebase/Performance",
					"$(PROJECT_DIR)/PhotoAlbum/Firebase/RemoteConfig",
					"$(PROJECT_DIR)/PhotoAlbum/Firebase/Storage",
					"$(PROJECT_DIR)/Firebase",
					"$(PROJECT_DIR)/Firebase/ABTesting",
					"$(PROJECT_DIR)/Firebase/Crash",
					"$(PROJECT_DIR)/Firebase/Firestore",
					"$(PROJECT_DIR)/Firebase/Database",
					"$(PROJECT_DIR)/Firebase/RemoteConfig",
					"$(PROJECT_DIR)/Firebase/Performance",
					"$(PROJECT_DIR)/Firebase/Storage",
					"$(PROJECT_DIR)/Firebase/Auth",
					"$(PROJECT_DIR)/Firebase/DynamicLinks",
					"$(PROJECT_DIR)/Firebase/AdMob",
					"$(PROJECT_DIR)/Firebase/Invites",
					"$(PROJECT_DIR)/Firebase/Messaging",
					"$(PROJECT_DIR)/Firebase/Analytics",
				);
				HEADER_SEARCH_PATHS = "";
				INFOPLIST_FILE = PhotoAlbum/Info.plist;
				INFOPLIST_OTHER_PREPROCESSOR_FLAGS = "$(inherited)";
				IPHONEOS_DEPLOYMENT_TARGET = 9.0;
				LD_RUNPATH_SEARCH_PATHS = "$(inherited) @executable_path/Frameworks";
				LIBRARY_SEARCH_PATHS = "$(inherited)";
				OTHER_LDFLAGS = "$(inherited)";
				PRODUCT_BUNDLE_IDENTIFIER = AntraxTeam.PhotoAlbum;
				PRODUCT_NAME = "$(TARGET_NAME)";
				SWIFT_VERSION = 4.0;
				TARGETED_DEVICE_FAMILY = "1,2";
				USER_HEADER_SEARCH_PATHS = "";
			};
			name = Release;
		};
/* End XCBuildConfiguration section */

/* Begin XCConfigurationList section */
		5BE9D1761FAE3A0500481384 /* Build configuration list for PBXProject "PhotoAlbum" */ = {
			isa = XCConfigurationList;
			buildConfigurations = (
				5BE9D1A11FAE3A0600481384 /* Debug */,
				5BE9D1A21FAE3A0600481384 /* Release */,
			);
			defaultConfigurationIsVisible = 0;
			defaultConfigurationName = Release;
		};
		5BE9D1A31FAE3A0600481384 /* Build configuration list for PBXNativeTarget "PhotoAlbum" */ = {
			isa = XCConfigurationList;
			buildConfigurations = (
				5BE9D1A41FAE3A0600481384 /* Debug */,
				5BE9D1A51FAE3A0600481384 /* Release */,
			);
			defaultConfigurationIsVisible = 0;
			defaultConfigurationName = Release;
		};
/* End XCConfigurationList section */
	};
	rootObject = 5BE9D1731FAE3A0500481384 /* Project object */;
}
